// !$*UTF8*$!
{
	archiveVersion = 1;
	classes = {
	};
	objectVersion = 46;
	objects = {

/* Begin PBXBuildFile section */
		89011DBD1BA010AC00612B20 /* LICENSE.txt in Resources */ = {isa = PBXBuildFile; fileRef = 89011DB71BA010AC00612B20 /* LICENSE.txt */; };
		89011DBE1BA010AC00612B20 /* README.md in Sources */ = {isa = PBXBuildFile; fileRef = 89011DB81BA010AC00612B20 /* README.md */; };
		89011DBF1BA010AC00612B20 /* SVProgressHUD.bundle in Resources */ = {isa = PBXBuildFile; fileRef = 89011DBA1BA010AC00612B20 /* SVProgressHUD.bundle */; };
		89011DC01BA010AC00612B20 /* SVProgressHUD.m in Sources */ = {isa = PBXBuildFile; fileRef = 89011DBC1BA010AC00612B20 /* SVProgressHUD.m */; };
		89011DC41BA0256400612B20 /* LCDealsViewController.m in Sources */ = {isa = PBXBuildFile; fileRef = 89011DC31BA0256400612B20 /* LCDealsViewController.m */; };
		89011DC71BA0291400612B20 /* LCSearchCollectionViewController.m in Sources */ = {isa = PBXBuildFile; fileRef = 89011DC61BA0291400612B20 /* LCSearchCollectionViewController.m */; };
		89011DCD1BA032D400612B20 /* AwesomeMenu.m in Sources */ = {isa = PBXBuildFile; fileRef = 89011DCA1BA032D400612B20 /* AwesomeMenu.m */; };
		89011DCE1BA032D400612B20 /* AwesomeMenuItem.m in Sources */ = {isa = PBXBuildFile; fileRef = 89011DCC1BA032D400612B20 /* AwesomeMenuItem.m */; };
		89011DD21BA0369F00612B20 /* LCRecentViewController.m in Sources */ = {isa = PBXBuildFile; fileRef = 89011DD11BA0369F00612B20 /* LCRecentViewController.m */; };
		89011DD61BA036EC00612B20 /* LCCollectViewController.m in Sources */ = {isa = PBXBuildFile; fileRef = 89011DD51BA036EC00612B20 /* LCCollectViewController.m */; };
		8903E0D11B9EB1A7000B612C /* LCTool.m in Sources */ = {isa = PBXBuildFile; fileRef = 8903E0D01B9EB1A7000B612C /* LCTool.m */; };
		8903E0D41B9ECFF6000B612C /* LCSort.m in Sources */ = {isa = PBXBuildFile; fileRef = 8903E0D31B9ECFF6000B612C /* LCSort.m */; };
		8903E0D71B9ED09D000B612C /* LCSortViewController.m in Sources */ = {isa = PBXBuildFile; fileRef = 8903E0D61B9ED09D000B612C /* LCSortViewController.m */; };
		8953241D1BA15A200019B325 /* LCDetailViewController.m in Sources */ = {isa = PBXBuildFile; fileRef = 8953241B1BA15A200019B325 /* LCDetailViewController.m */; };
		8953241E1BA15A200019B325 /* LCDetailViewController.xib in Resources */ = {isa = PBXBuildFile; fileRef = 8953241C1BA15A200019B325 /* LCDetailViewController.xib */; };
		896E5DF51B9D2515008F7A2F /* UIButton+WF.m in Sources */ = {isa = PBXBuildFile; fileRef = 896E5DEA1B9D2515008F7A2F /* UIButton+WF.m */; };
		896E5DF61B9D2515008F7A2F /* UIImage+WF.m in Sources */ = {isa = PBXBuildFile; fileRef = 896E5DEC1B9D2515008F7A2F /* UIImage+WF.m */; };
		896E5DF71B9D2515008F7A2F /* UIScreen+WF.m in Sources */ = {isa = PBXBuildFile; fileRef = 896E5DEE1B9D2515008F7A2F /* UIScreen+WF.m */; };
		896E5DF91B9D2515008F7A2F /* UITextField+WF.m in Sources */ = {isa = PBXBuildFile; fileRef = 896E5DF21B9D2515008F7A2F /* UITextField+WF.m */; };
		896E5DFA1B9D2515008F7A2F /* UIView+WF.m in Sources */ = {isa = PBXBuildFile; fileRef = 896E5DF41B9D2515008F7A2F /* UIView+WF.m */; };
		896E5E2D1B9D25E1008F7A2F /* MASCompositeConstraint.m in Sources */ = {isa = PBXBuildFile; fileRef = 896E5DFF1B9D25E1008F7A2F /* MASCompositeConstraint.m */; };
		896E5E2E1B9D25E1008F7A2F /* MASConstraint.m in Sources */ = {isa = PBXBuildFile; fileRef = 896E5E021B9D25E1008F7A2F /* MASConstraint.m */; };
		896E5E2F1B9D25E1008F7A2F /* MASConstraintMaker.m in Sources */ = {isa = PBXBuildFile; fileRef = 896E5E041B9D25E1008F7A2F /* MASConstraintMaker.m */; };
		896E5E301B9D25E1008F7A2F /* MASLayoutConstraint.m in Sources */ = {isa = PBXBuildFile; fileRef = 896E5E061B9D25E1008F7A2F /* MASLayoutConstraint.m */; };
		896E5E311B9D25E1008F7A2F /* MASViewAttribute.m in Sources */ = {isa = PBXBuildFile; fileRef = 896E5E0A1B9D25E1008F7A2F /* MASViewAttribute.m */; };
		896E5E321B9D25E1008F7A2F /* MASViewConstraint.m in Sources */ = {isa = PBXBuildFile; fileRef = 896E5E0C1B9D25E1008F7A2F /* MASViewConstraint.m */; };
		896E5E331B9D25E1008F7A2F /* NSArray+MASAdditions.m in Sources */ = {isa = PBXBuildFile; fileRef = 896E5E0E1B9D25E1008F7A2F /* NSArray+MASAdditions.m */; };
		896E5E341B9D25E1008F7A2F /* NSLayoutConstraint+MASDebugAdditions.m in Sources */ = {isa = PBXBuildFile; fileRef = 896E5E111B9D25E1008F7A2F /* NSLayoutConstraint+MASDebugAdditions.m */; };
		896E5E351B9D25E1008F7A2F /* View+MASAdditions.m in Sources */ = {isa = PBXBuildFile; fileRef = 896E5E131B9D25E1008F7A2F /* View+MASAdditions.m */; };
		896E5E361B9D25E1008F7A2F /* MJArgument.m in Sources */ = {isa = PBXBuildFile; fileRef = 896E5E171B9D25E1008F7A2F /* MJArgument.m */; };
		896E5E371B9D25E1008F7A2F /* MJConst.m in Sources */ = {isa = PBXBuildFile; fileRef = 896E5E191B9D25E1008F7A2F /* MJConst.m */; };
		896E5E381B9D25E1008F7A2F /* MJFoundation.m in Sources */ = {isa = PBXBuildFile; fileRef = 896E5E1C1B9D25E1008F7A2F /* MJFoundation.m */; };
		896E5E391B9D25E1008F7A2F /* MJIvar.m in Sources */ = {isa = PBXBuildFile; fileRef = 896E5E1E1B9D25E1008F7A2F /* MJIvar.m */; };
		896E5E3A1B9D25E1008F7A2F /* MJMember.m in Sources */ = {isa = PBXBuildFile; fileRef = 896E5E201B9D25E1008F7A2F /* MJMember.m */; };
		896E5E3B1B9D25E1008F7A2F /* MJMethod.m in Sources */ = {isa = PBXBuildFile; fileRef = 896E5E221B9D25E1008F7A2F /* MJMethod.m */; };
		896E5E3C1B9D25E1008F7A2F /* MJType.m in Sources */ = {isa = PBXBuildFile; fileRef = 896E5E241B9D25E1008F7A2F /* MJType.m */; };
		896E5E3D1B9D25E1008F7A2F /* MJTypeEncoding.m in Sources */ = {isa = PBXBuildFile; fileRef = 896E5E261B9D25E1008F7A2F /* MJTypeEncoding.m */; };
		896E5E3E1B9D25E1008F7A2F /* NSObject+MJCoding.m in Sources */ = {isa = PBXBuildFile; fileRef = 896E5E281B9D25E1008F7A2F /* NSObject+MJCoding.m */; };
		896E5E3F1B9D25E1008F7A2F /* NSObject+MJKeyValue.m in Sources */ = {isa = PBXBuildFile; fileRef = 896E5E2A1B9D25E1008F7A2F /* NSObject+MJKeyValue.m */; };
		896E5E401B9D25E1008F7A2F /* NSObject+MJMember.m in Sources */ = {isa = PBXBuildFile; fileRef = 896E5E2C1B9D25E1008F7A2F /* NSObject+MJMember.m */; };
		896E5E451B9D25EA008F7A2F /* UIBarButtonItem+Extension.m in Sources */ = {isa = PBXBuildFile; fileRef = 896E5E421B9D25EA008F7A2F /* UIBarButtonItem+Extension.m */; };
		896E5E461B9D25EA008F7A2F /* UIView+Extension.m in Sources */ = {isa = PBXBuildFile; fileRef = 896E5E441B9D25EA008F7A2F /* UIView+Extension.m */; };
		896E5E481B9D2A3F008F7A2F /* LCHomeTopItem.xib in Resources */ = {isa = PBXBuildFile; fileRef = 896E5E471B9D2A3F008F7A2F /* LCHomeTopItem.xib */; };
		896E5E4B1B9D2E10008F7A2F /* LCHomeTopItem.m in Sources */ = {isa = PBXBuildFile; fileRef = 896E5E4A1B9D2E10008F7A2F /* LCHomeTopItem.m */; };
		896E5E511B9D3340008F7A2F /* LCHomeDropView.m in Sources */ = {isa = PBXBuildFile; fileRef = 896E5E501B9D3340008F7A2F /* LCHomeDropView.m */; };
		896E5E531B9D3375008F7A2F /* LCHomeDropView.xib in Resources */ = {isa = PBXBuildFile; fileRef = 896E5E521B9D3375008F7A2F /* LCHomeDropView.xib */; };
		896E5E561B9D3A32008F7A2F /* LCCategoryViewController.m in Sources */ = {isa = PBXBuildFile; fileRef = 896E5E551B9D3A32008F7A2F /* LCCategoryViewController.m */; };
		896E5E5F1B9D3D73008F7A2F /* categories.plist in Resources */ = {isa = PBXBuildFile; fileRef = 896E5E5B1B9D3D73008F7A2F /* categories.plist */; };
		896E5E601B9D3D73008F7A2F /* cities.plist in Resources */ = {isa = PBXBuildFile; fileRef = 896E5E5C1B9D3D73008F7A2F /* cities.plist */; };
		896E5E611B9D3D73008F7A2F /* cityGroups.plist in Resources */ = {isa = PBXBuildFile; fileRef = 896E5E5D1B9D3D73008F7A2F /* cityGroups.plist */; };
		896E5E621B9D3D73008F7A2F /* sorts.plist in Resources */ = {isa = PBXBuildFile; fileRef = 896E5E5E1B9D3D73008F7A2F /* sorts.plist */; };
		896E5E671B9D3E84008F7A2F /* LCCategory.m in Sources */ = {isa = PBXBuildFile; fileRef = 896E5E661B9D3E84008F7A2F /* LCCategory.m */; };
		896E5E6D1B9D71FF008F7A2F /* LCHomeDropMainTableViewCell.m in Sources */ = {isa = PBXBuildFile; fileRef = 896E5E6C1B9D71FF008F7A2F /* LCHomeDropMainTableViewCell.m */; };
		896E5E701B9D7211008F7A2F /* LCHomeDropSubTableViewCell.m in Sources */ = {isa = PBXBuildFile; fileRef = 896E5E6F1B9D7211008F7A2F /* LCHomeDropSubTableViewCell.m */; };
		896E5E741B9D77FA008F7A2F /* LCDistrictViewController.m in Sources */ = {isa = PBXBuildFile; fileRef = 896E5E721B9D77FA008F7A2F /* LCDistrictViewController.m */; };
		896E5E751B9D77FA008F7A2F /* LCDistrictViewController.xib in Resources */ = {isa = PBXBuildFile; fileRef = 896E5E731B9D77FA008F7A2F /* LCDistrictViewController.xib */; };
		896E5E791B9D7D3F008F7A2F /* LCCityViewController.m in Sources */ = {isa = PBXBuildFile; fileRef = 896E5E771B9D7D3F008F7A2F /* LCCityViewController.m */; };
		896E5E7A1B9D7D3F008F7A2F /* LCCityViewController.xib in Resources */ = {isa = PBXBuildFile; fileRef = 896E5E781B9D7D3F008F7A2F /* LCCityViewController.xib */; };
		896E5E7E1B9D8523008F7A2F /* LCCity.m in Sources */ = {isa = PBXBuildFile; fileRef = 896E5E7D1B9D8523008F7A2F /* LCCity.m */; };
		896E5E811B9D85DB008F7A2F /* LCRegion.m in Sources */ = {isa = PBXBuildFile; fileRef = 896E5E801B9D85DB008F7A2F /* LCRegion.m */; };
		896E5E841B9D889D008F7A2F /* LCcityGroup.m in Sources */ = {isa = PBXBuildFile; fileRef = 896E5E831B9D889D008F7A2F /* LCcityGroup.m */; };
		89AC76AC1B9FCAB4000B7B6C /* DPAPI.m in Sources */ = {isa = PBXBuildFile; fileRef = 89AC76A81B9FCAB4000B7B6C /* DPAPI.m */; };
		89AC76AD1B9FCAB4000B7B6C /* DPRequest.m in Sources */ = {isa = PBXBuildFile; fileRef = 89AC76AB1B9FCAB4000B7B6C /* DPRequest.m */; };
		89AC76D01B9FCAB8000B7B6C /* MKAnnotationView+WebCache.m in Sources */ = {isa = PBXBuildFile; fileRef = 89AC76B01B9FCAB8000B7B6C /* MKAnnotationView+WebCache.m */; };
		89AC76D11B9FCAB8000B7B6C /* NSData+ImageContentType.m in Sources */ = {isa = PBXBuildFile; fileRef = 89AC76B21B9FCAB8000B7B6C /* NSData+ImageContentType.m */; };
		89AC76D21B9FCAB8000B7B6C /* SDImageCache.m in Sources */ = {isa = PBXBuildFile; fileRef = 89AC76B41B9FCAB8000B7B6C /* SDImageCache.m */; };
		89AC76D31B9FCAB8000B7B6C /* SDWebImageCompat.m in Sources */ = {isa = PBXBuildFile; fileRef = 89AC76B61B9FCAB8000B7B6C /* SDWebImageCompat.m */; };
		89AC76D41B9FCAB8000B7B6C /* SDWebImageDecoder.m in Sources */ = {isa = PBXBuildFile; fileRef = 89AC76B81B9FCAB8000B7B6C /* SDWebImageDecoder.m */; };
		89AC76D51B9FCAB8000B7B6C /* SDWebImageDownloader.m in Sources */ = {isa = PBXBuildFile; fileRef = 89AC76BA1B9FCAB8000B7B6C /* SDWebImageDownloader.m */; };
		89AC76D61B9FCAB8000B7B6C /* SDWebImageDownloaderOperation.m in Sources */ = {isa = PBXBuildFile; fileRef = 89AC76BC1B9FCAB8000B7B6C /* SDWebImageDownloaderOperation.m */; };
		89AC76D71B9FCAB8000B7B6C /* SDWebImageManager.m in Sources */ = {isa = PBXBuildFile; fileRef = 89AC76BE1B9FCAB8000B7B6C /* SDWebImageManager.m */; };
		89AC76D81B9FCAB8000B7B6C /* SDWebImagePrefetcher.m in Sources */ = {isa = PBXBuildFile; fileRef = 89AC76C11B9FCAB8000B7B6C /* SDWebImagePrefetcher.m */; };
		89AC76D91B9FCAB8000B7B6C /* UIButton+WebCache.m in Sources */ = {isa = PBXBuildFile; fileRef = 89AC76C31B9FCAB8000B7B6C /* UIButton+WebCache.m */; };
		89AC76DA1B9FCAB8000B7B6C /* UIImage+GIF.m in Sources */ = {isa = PBXBuildFile; fileRef = 89AC76C51B9FCAB8000B7B6C /* UIImage+GIF.m */; };
		89AC76DB1B9FCAB8000B7B6C /* UIImage+MultiFormat.m in Sources */ = {isa = PBXBuildFile; fileRef = 89AC76C71B9FCAB8000B7B6C /* UIImage+MultiFormat.m */; };
		89AC76DC1B9FCAB8000B7B6C /* UIImage+WebP.m in Sources */ = {isa = PBXBuildFile; fileRef = 89AC76C91B9FCAB8000B7B6C /* UIImage+WebP.m */; };
		89AC76DD1B9FCAB8000B7B6C /* UIImageView+HighlightedWebCache.m in Sources */ = {isa = PBXBuildFile; fileRef = 89AC76CB1B9FCAB8000B7B6C /* UIImageView+HighlightedWebCache.m */; };
		89AC76DE1B9FCAB8000B7B6C /* UIImageView+WebCache.m in Sources */ = {isa = PBXBuildFile; fileRef = 89AC76CD1B9FCAB8000B7B6C /* UIImageView+WebCache.m */; };
		89AC76DF1B9FCAB8000B7B6C /* UIView+WebCacheOperation.m in Sources */ = {isa = PBXBuildFile; fileRef = 89AC76CF1B9FCAB8000B7B6C /* UIView+WebCacheOperation.m */; };
		89AC76E11B9FCAC8000B7B6C /* Foundation+Log.m in Sources */ = {isa = PBXBuildFile; fileRef = 89AC76E01B9FCAC8000B7B6C /* Foundation+Log.m */; };
		89AC76E41B9FD44A000B7B6C /* LCDeal.m in Sources */ = {isa = PBXBuildFile; fileRef = 89AC76E31B9FD44A000B7B6C /* LCDeal.m */; };
		89AC76E81B9FD88C000B7B6C /* LCDealCell.m in Sources */ = {isa = PBXBuildFile; fileRef = 89AC76E61B9FD88C000B7B6C /* LCDealCell.m */; };
		89AC76E91B9FD88C000B7B6C /* LCDealCell.xib in Resources */ = {isa = PBXBuildFile; fileRef = 89AC76E71B9FD88C000B7B6C /* LCDealCell.xib */; };
		89AC76EC1B9FFB52000B7B6C /* LCCenterLineLabel.m in Sources */ = {isa = PBXBuildFile; fileRef = 89AC76EB1B9FFB52000B7B6C /* LCCenterLineLabel.m */; };
		89AC76FE1BA007F4000B7B6C /* MJRefresh.bundle in Resources */ = {isa = PBXBuildFile; fileRef = 89AC76EE1BA007F4000B7B6C /* MJRefresh.bundle */; };
		89AC76FF1BA007F4000B7B6C /* MJRefreshBaseView.m in Sources */ = {isa = PBXBuildFile; fileRef = 89AC76F11BA007F4000B7B6C /* MJRefreshBaseView.m */; };
		89AC77001BA007F4000B7B6C /* MJRefreshConst.m in Sources */ = {isa = PBXBuildFile; fileRef = 89AC76F31BA007F4000B7B6C /* MJRefreshConst.m */; };
		89AC77011BA007F4000B7B6C /* MJRefreshFooterView.m in Sources */ = {isa = PBXBuildFile; fileRef = 89AC76F51BA007F4000B7B6C /* MJRefreshFooterView.m */; };
		89AC77021BA007F4000B7B6C /* MJRefreshHeaderView.m in Sources */ = {isa = PBXBuildFile; fileRef = 89AC76F71BA007F4000B7B6C /* MJRefreshHeaderView.m */; };
		89AC77031BA007F4000B7B6C /* UIScrollView+MJExtension.m in Sources */ = {isa = PBXBuildFile; fileRef = 89AC76F91BA007F4000B7B6C /* UIScrollView+MJExtension.m */; };
		89AC77041BA007F4000B7B6C /* UIScrollView+MJRefresh.m in Sources */ = {isa = PBXBuildFile; fileRef = 89AC76FB1BA007F4000B7B6C /* UIScrollView+MJRefresh.m */; };
		89AC77051BA007F4000B7B6C /* UIView+MJExtension.m in Sources */ = {isa = PBXBuildFile; fileRef = 89AC76FD1BA007F4000B7B6C /* UIView+MJExtension.m */; };
		89D0FCD21B9C35D900731253 /* main.m in Sources */ = {isa = PBXBuildFile; fileRef = 89D0FCD11B9C35D900731253 /* main.m */; };
		89D0FCD51B9C35D900731253 /* AppDelegate.m in Sources */ = {isa = PBXBuildFile; fileRef = 89D0FCD41B9C35D900731253 /* AppDelegate.m */; };
		89D0FCDD1B9C35D900731253 /* Images.xcassets in Resources */ = {isa = PBXBuildFile; fileRef = 89D0FCDC1B9C35D900731253 /* Images.xcassets */; };
		89D0FCEC1B9C35D900731253 /* __HDTests.m in Sources */ = {isa = PBXBuildFile; fileRef = 89D0FCEB1B9C35D900731253 /* __HDTests.m */; };
		89D0FCF71B9C3B3A00731253 /* LCHomeCollectionViewController.m in Sources */ = {isa = PBXBuildFile; fileRef = 89D0FCF61B9C3B3A00731253 /* LCHomeCollectionViewController.m */; };
		89D0FCFA1B9C3CAE00731253 /* LCNavigationViewController.m in Sources */ = {isa = PBXBuildFile; fileRef = 89D0FCF91B9C3CAE00731253 /* LCNavigationViewController.m */; };
		89D0FCFD1B9C3D8D00731253 /* LCConst.m in Sources */ = {isa = PBXBuildFile; fileRef = 89D0FCFC1B9C3D8D00731253 /* LCConst.m */; };
		89DA60D81B9E7939000122C3 /* UIView+AutoLayout.m in Sources */ = {isa = PBXBuildFile; fileRef = 89DA60D71B9E7939000122C3 /* UIView+AutoLayout.m */; };
		89DA60DB1B9E80E2000122C3 /* LCSearchResultTableViewController.m in Sources */ = {isa = PBXBuildFile; fileRef = 89DA60DA1B9E80E2000122C3 /* LCSearchResultTableViewController.m */; };
/* End PBXBuildFile section */

/* Begin PBXContainerItemProxy section */
		89D0FCE61B9C35D900731253 /* PBXContainerItemProxy */ = {
			isa = PBXContainerItemProxy;
			containerPortal = 89D0FCC41B9C35D900731253 /* Project object */;
			proxyType = 1;
			remoteGlobalIDString = 89D0FCCB1B9C35D900731253;
			remoteInfo = "美团HD";
		};
/* End PBXContainerItemProxy section */

/* Begin PBXFileReference section */
		89011DB71BA010AC00612B20 /* LICENSE.txt */ = {isa = PBXFileReference; fileEncoding = 4; lastKnownFileType = text; path = LICENSE.txt; sourceTree = "<group>"; };
		89011DB81BA010AC00612B20 /* README.md */ = {isa = PBXFileReference; fileEncoding = 4; lastKnownFileType = net.daringfireball.markdown; path = README.md; sourceTree = "<group>"; };
		89011DBA1BA010AC00612B20 /* SVProgressHUD.bundle */ = {isa = PBXFileReference; lastKnownFileType = "wrapper.plug-in"; path = SVProgressHUD.bundle; sourceTree = "<group>"; };
		89011DBB1BA010AC00612B20 /* SVProgressHUD.h */ = {isa = PBXFileReference; fileEncoding = 4; lastKnownFileType = sourcecode.c.h; path = SVProgressHUD.h; sourceTree = "<group>"; };
		89011DBC1BA010AC00612B20 /* SVProgressHUD.m */ = {isa = PBXFileReference; fileEncoding = 4; lastKnownFileType = sourcecode.c.objc; path = SVProgressHUD.m; sourceTree = "<group>"; };
		89011DC21BA0256400612B20 /* LCDealsViewController.h */ = {isa = PBXFileReference; fileEncoding = 4; lastKnownFileType = sourcecode.c.h; path = LCDealsViewController.h; sourceTree = "<group>"; };
		89011DC31BA0256400612B20 /* LCDealsViewController.m */ = {isa = PBXFileReference; fileEncoding = 4; lastKnownFileType = sourcecode.c.objc; path = LCDealsViewController.m; sourceTree = "<group>"; };
		89011DC51BA0291400612B20 /* LCSearchCollectionViewController.h */ = {isa = PBXFileReference; fileEncoding = 4; lastKnownFileType = sourcecode.c.h; path = LCSearchCollectionViewController.h; sourceTree = "<group>"; };
		89011DC61BA0291400612B20 /* LCSearchCollectionViewController.m */ = {isa = PBXFileReference; fileEncoding = 4; lastKnownFileType = sourcecode.c.objc; path = LCSearchCollectionViewController.m; sourceTree = "<group>"; };
		89011DC91BA032D400612B20 /* AwesomeMenu.h */ = {isa = PBXFileReference; fileEncoding = 4; lastKnownFileType = sourcecode.c.h; path = AwesomeMenu.h; sourceTree = "<group>"; };
		89011DCA1BA032D400612B20 /* AwesomeMenu.m */ = {isa = PBXFileReference; fileEncoding = 4; lastKnownFileType = sourcecode.c.objc; path = AwesomeMenu.m; sourceTree = "<group>"; };
		89011DCB1BA032D400612B20 /* AwesomeMenuItem.h */ = {isa = PBXFileReference; fileEncoding = 4; lastKnownFileType = sourcecode.c.h; path = AwesomeMenuItem.h; sourceTree = "<group>"; };
		89011DCC1BA032D400612B20 /* AwesomeMenuItem.m */ = {isa = PBXFileReference; fileEncoding = 4; lastKnownFileType = sourcecode.c.objc; path = AwesomeMenuItem.m; sourceTree = "<group>"; };
		89011DD01BA0369F00612B20 /* LCRecentViewController.h */ = {isa = PBXFileReference; fileEncoding = 4; lastKnownFileType = sourcecode.c.h; path = LCRecentViewController.h; sourceTree = "<group>"; };
		89011DD11BA0369F00612B20 /* LCRecentViewController.m */ = {isa = PBXFileReference; fileEncoding = 4; lastKnownFileType = sourcecode.c.objc; path = LCRecentViewController.m; sourceTree = "<group>"; };
		89011DD41BA036EC00612B20 /* LCCollectViewController.h */ = {isa = PBXFileReference; fileEncoding = 4; lastKnownFileType = sourcecode.c.h; path = LCCollectViewController.h; sourceTree = "<group>"; };
		89011DD51BA036EC00612B20 /* LCCollectViewController.m */ = {isa = PBXFileReference; fileEncoding = 4; lastKnownFileType = sourcecode.c.objc; path = LCCollectViewController.m; sourceTree = "<group>"; };
		8903E0CF1B9EB1A7000B612C /* LCTool.h */ = {isa = PBXFileReference; fileEncoding = 4; lastKnownFileType = sourcecode.c.h; path = LCTool.h; sourceTree = "<group>"; };
		8903E0D01B9EB1A7000B612C /* LCTool.m */ = {isa = PBXFileReference; fileEncoding = 4; lastKnownFileType = sourcecode.c.objc; path = LCTool.m; sourceTree = "<group>"; };
		8903E0D21B9ECFF6000B612C /* LCSort.h */ = {isa = PBXFileReference; fileEncoding = 4; lastKnownFileType = sourcecode.c.h; path = LCSort.h; sourceTree = "<group>"; };
		8903E0D31B9ECFF6000B612C /* LCSort.m */ = {isa = PBXFileReference; fileEncoding = 4; lastKnownFileType = sourcecode.c.objc; path = LCSort.m; sourceTree = "<group>"; };
		8903E0D51B9ED09D000B612C /* LCSortViewController.h */ = {isa = PBXFileReference; fileEncoding = 4; lastKnownFileType = sourcecode.c.h; path = LCSortViewController.h; sourceTree = "<group>"; };
		8903E0D61B9ED09D000B612C /* LCSortViewController.m */ = {isa = PBXFileReference; fileEncoding = 4; lastKnownFileType = sourcecode.c.objc; path = LCSortViewController.m; sourceTree = "<group>"; };
		8953241A1BA15A200019B325 /* LCDetailViewController.h */ = {isa = PBXFileReference; fileEncoding = 4; lastKnownFileType = sourcecode.c.h; path = LCDetailViewController.h; sourceTree = "<group>"; };
		8953241B1BA15A200019B325 /* LCDetailViewController.m */ = {isa = PBXFileReference; fileEncoding = 4; lastKnownFileType = sourcecode.c.objc; path = LCDetailViewController.m; sourceTree = "<group>"; };
		8953241C1BA15A200019B325 /* LCDetailViewController.xib */ = {isa = PBXFileReference; fileEncoding = 4; lastKnownFileType = file.xib; path = LCDetailViewController.xib; sourceTree = "<group>"; };
		896E5DE81B9D2515008F7A2F /* CategoryWF.h */ = {isa = PBXFileReference; fileEncoding = 4; lastKnownFileType = sourcecode.c.h; path = CategoryWF.h; sourceTree = "<group>"; };
		896E5DE91B9D2515008F7A2F /* UIButton+WF.h */ = {isa = PBXFileReference; fileEncoding = 4; lastKnownFileType = sourcecode.c.h; path = "UIButton+WF.h"; sourceTree = "<group>"; };
		896E5DEA1B9D2515008F7A2F /* UIButton+WF.m */ = {isa = PBXFileReference; fileEncoding = 4; lastKnownFileType = sourcecode.c.objc; path = "UIButton+WF.m"; sourceTree = "<group>"; };
		896E5DEB1B9D2515008F7A2F /* UIImage+WF.h */ = {isa = PBXFileReference; fileEncoding = 4; lastKnownFileType = sourcecode.c.h; path = "UIImage+WF.h"; sourceTree = "<group>"; };
		896E5DEC1B9D2515008F7A2F /* UIImage+WF.m */ = {isa = PBXFileReference; fileEncoding = 4; lastKnownFileType = sourcecode.c.objc; path = "UIImage+WF.m"; sourceTree = "<group>"; };
		896E5DED1B9D2515008F7A2F /* UIScreen+WF.h */ = {isa = PBXFileReference; fileEncoding = 4; lastKnownFileType = sourcecode.c.h; path = "UIScreen+WF.h"; sourceTree = "<group>"; };
		896E5DEE1B9D2515008F7A2F /* UIScreen+WF.m */ = {isa = PBXFileReference; fileEncoding = 4; lastKnownFileType = sourcecode.c.objc; path = "UIScreen+WF.m"; sourceTree = "<group>"; };
		896E5DF11B9D2515008F7A2F /* UITextField+WF.h */ = {isa = PBXFileReference; fileEncoding = 4; lastKnownFileType = sourcecode.c.h; path = "UITextField+WF.h"; sourceTree = "<group>"; };
		896E5DF21B9D2515008F7A2F /* UITextField+WF.m */ = {isa = PBXFileReference; fileEncoding = 4; lastKnownFileType = sourcecode.c.objc; path = "UITextField+WF.m"; sourceTree = "<group>"; };
		896E5DF31B9D2515008F7A2F /* UIView+WF.h */ = {isa = PBXFileReference; fileEncoding = 4; lastKnownFileType = sourcecode.c.h; path = "UIView+WF.h"; sourceTree = "<group>"; };
		896E5DF41B9D2515008F7A2F /* UIView+WF.m */ = {isa = PBXFileReference; fileEncoding = 4; lastKnownFileType = sourcecode.c.objc; path = "UIView+WF.m"; sourceTree = "<group>"; };
		896E5DFE1B9D25E1008F7A2F /* MASCompositeConstraint.h */ = {isa = PBXFileReference; fileEncoding = 4; lastKnownFileType = sourcecode.c.h; path = MASCompositeConstraint.h; sourceTree = "<group>"; };
		896E5DFF1B9D25E1008F7A2F /* MASCompositeConstraint.m */ = {isa = PBXFileReference; fileEncoding = 4; lastKnownFileType = sourcecode.c.objc; path = MASCompositeConstraint.m; sourceTree = "<group>"; };
		896E5E001B9D25E1008F7A2F /* MASConstraint+Private.h */ = {isa = PBXFileReference; fileEncoding = 4; lastKnownFileType = sourcecode.c.h; path = "MASConstraint+Private.h"; sourceTree = "<group>"; };
		896E5E011B9D25E1008F7A2F /* MASConstraint.h */ = {isa = PBXFileReference; fileEncoding = 4; lastKnownFileType = sourcecode.c.h; path = MASConstraint.h; sourceTree = "<group>"; };
		896E5E021B9D25E1008F7A2F /* MASConstraint.m */ = {isa = PBXFileReference; fileEncoding = 4; lastKnownFileType = sourcecode.c.objc; path = MASConstraint.m; sourceTree = "<group>"; };
		896E5E031B9D25E1008F7A2F /* MASConstraintMaker.h */ = {isa = PBXFileReference; fileEncoding = 4; lastKnownFileType = sourcecode.c.h; path = MASConstraintMaker.h; sourceTree = "<group>"; };
		896E5E041B9D25E1008F7A2F /* MASConstraintMaker.m */ = {isa = PBXFileReference; fileEncoding = 4; lastKnownFileType = sourcecode.c.objc; path = MASConstraintMaker.m; sourceTree = "<group>"; };
		896E5E051B9D25E1008F7A2F /* MASLayoutConstraint.h */ = {isa = PBXFileReference; fileEncoding = 4; lastKnownFileType = sourcecode.c.h; path = MASLayoutConstraint.h; sourceTree = "<group>"; };
		896E5E061B9D25E1008F7A2F /* MASLayoutConstraint.m */ = {isa = PBXFileReference; fileEncoding = 4; lastKnownFileType = sourcecode.c.objc; path = MASLayoutConstraint.m; sourceTree = "<group>"; };
		896E5E071B9D25E1008F7A2F /* Masonry.h */ = {isa = PBXFileReference; fileEncoding = 4; lastKnownFileType = sourcecode.c.h; path = Masonry.h; sourceTree = "<group>"; };
		896E5E081B9D25E1008F7A2F /* MASUtilities.h */ = {isa = PBXFileReference; fileEncoding = 4; lastKnownFileType = sourcecode.c.h; path = MASUtilities.h; sourceTree = "<group>"; };
		896E5E091B9D25E1008F7A2F /* MASViewAttribute.h */ = {isa = PBXFileReference; fileEncoding = 4; lastKnownFileType = sourcecode.c.h; path = MASViewAttribute.h; sourceTree = "<group>"; };
		896E5E0A1B9D25E1008F7A2F /* MASViewAttribute.m */ = {isa = PBXFileReference; fileEncoding = 4; lastKnownFileType = sourcecode.c.objc; path = MASViewAttribute.m; sourceTree = "<group>"; };
		896E5E0B1B9D25E1008F7A2F /* MASViewConstraint.h */ = {isa = PBXFileReference; fileEncoding = 4; lastKnownFileType = sourcecode.c.h; path = MASViewConstraint.h; sourceTree = "<group>"; };
		896E5E0C1B9D25E1008F7A2F /* MASViewConstraint.m */ = {isa = PBXFileReference; fileEncoding = 4; lastKnownFileType = sourcecode.c.objc; path = MASViewConstraint.m; sourceTree = "<group>"; };
		896E5E0D1B9D25E1008F7A2F /* NSArray+MASAdditions.h */ = {isa = PBXFileReference; fileEncoding = 4; lastKnownFileType = sourcecode.c.h; path = "NSArray+MASAdditions.h"; sourceTree = "<group>"; };
		896E5E0E1B9D25E1008F7A2F /* NSArray+MASAdditions.m */ = {isa = PBXFileReference; fileEncoding = 4; lastKnownFileType = sourcecode.c.objc; path = "NSArray+MASAdditions.m"; sourceTree = "<group>"; };
		896E5E0F1B9D25E1008F7A2F /* NSArray+MASShorthandAdditions.h */ = {isa = PBXFileReference; fileEncoding = 4; lastKnownFileType = sourcecode.c.h; path = "NSArray+MASShorthandAdditions.h"; sourceTree = "<group>"; };
		896E5E101B9D25E1008F7A2F /* NSLayoutConstraint+MASDebugAdditions.h */ = {isa = PBXFileReference; fileEncoding = 4; lastKnownFileType = sourcecode.c.h; path = "NSLayoutConstraint+MASDebugAdditions.h"; sourceTree = "<group>"; };
		896E5E111B9D25E1008F7A2F /* NSLayoutConstraint+MASDebugAdditions.m */ = {isa = PBXFileReference; fileEncoding = 4; lastKnownFileType = sourcecode.c.objc; path = "NSLayoutConstraint+MASDebugAdditions.m"; sourceTree = "<group>"; };
		896E5E121B9D25E1008F7A2F /* View+MASAdditions.h */ = {isa = PBXFileReference; fileEncoding = 4; lastKnownFileType = sourcecode.c.h; path = "View+MASAdditions.h"; sourceTree = "<group>"; };
		896E5E131B9D25E1008F7A2F /* View+MASAdditions.m */ = {isa = PBXFileReference; fileEncoding = 4; lastKnownFileType = sourcecode.c.objc; path = "View+MASAdditions.m"; sourceTree = "<group>"; };
		896E5E141B9D25E1008F7A2F /* View+MASShorthandAdditions.h */ = {isa = PBXFileReference; fileEncoding = 4; lastKnownFileType = sourcecode.c.h; path = "View+MASShorthandAdditions.h"; sourceTree = "<group>"; };
		896E5E161B9D25E1008F7A2F /* MJArgument.h */ = {isa = PBXFileReference; fileEncoding = 4; lastKnownFileType = sourcecode.c.h; path = MJArgument.h; sourceTree = "<group>"; };
		896E5E171B9D25E1008F7A2F /* MJArgument.m */ = {isa = PBXFileReference; fileEncoding = 4; lastKnownFileType = sourcecode.c.objc; path = MJArgument.m; sourceTree = "<group>"; };
		896E5E181B9D25E1008F7A2F /* MJConst.h */ = {isa = PBXFileReference; fileEncoding = 4; lastKnownFileType = sourcecode.c.h; path = MJConst.h; sourceTree = "<group>"; };
		896E5E191B9D25E1008F7A2F /* MJConst.m */ = {isa = PBXFileReference; fileEncoding = 4; lastKnownFileType = sourcecode.c.objc; path = MJConst.m; sourceTree = "<group>"; };
		896E5E1A1B9D25E1008F7A2F /* MJExtension.h */ = {isa = PBXFileReference; fileEncoding = 4; lastKnownFileType = sourcecode.c.h; path = MJExtension.h; sourceTree = "<group>"; };
		896E5E1B1B9D25E1008F7A2F /* MJFoundation.h */ = {isa = PBXFileReference; fileEncoding = 4; lastKnownFileType = sourcecode.c.h; path = MJFoundation.h; sourceTree = "<group>"; };
		896E5E1C1B9D25E1008F7A2F /* MJFoundation.m */ = {isa = PBXFileReference; fileEncoding = 4; lastKnownFileType = sourcecode.c.objc; path = MJFoundation.m; sourceTree = "<group>"; };
		896E5E1D1B9D25E1008F7A2F /* MJIvar.h */ = {isa = PBXFileReference; fileEncoding = 4; lastKnownFileType = sourcecode.c.h; path = MJIvar.h; sourceTree = "<group>"; };
		896E5E1E1B9D25E1008F7A2F /* MJIvar.m */ = {isa = PBXFileReference; fileEncoding = 4; lastKnownFileType = sourcecode.c.objc; path = MJIvar.m; sourceTree = "<group>"; };
		896E5E1F1B9D25E1008F7A2F /* MJMember.h */ = {isa = PBXFileReference; fileEncoding = 4; lastKnownFileType = sourcecode.c.h; path = MJMember.h; sourceTree = "<group>"; };
		896E5E201B9D25E1008F7A2F /* MJMember.m */ = {isa = PBXFileReference; fileEncoding = 4; lastKnownFileType = sourcecode.c.objc; path = MJMember.m; sourceTree = "<group>"; };
		896E5E211B9D25E1008F7A2F /* MJMethod.h */ = {isa = PBXFileReference; fileEncoding = 4; lastKnownFileType = sourcecode.c.h; path = MJMethod.h; sourceTree = "<group>"; };
		896E5E221B9D25E1008F7A2F /* MJMethod.m */ = {isa = PBXFileReference; fileEncoding = 4; lastKnownFileType = sourcecode.c.objc; path = MJMethod.m; sourceTree = "<group>"; };
		896E5E231B9D25E1008F7A2F /* MJType.h */ = {isa = PBXFileReference; fileEncoding = 4; lastKnownFileType = sourcecode.c.h; path = MJType.h; sourceTree = "<group>"; };
		896E5E241B9D25E1008F7A2F /* MJType.m */ = {isa = PBXFileReference; fileEncoding = 4; lastKnownFileType = sourcecode.c.objc; path = MJType.m; sourceTree = "<group>"; };
		896E5E251B9D25E1008F7A2F /* MJTypeEncoding.h */ = {isa = PBXFileReference; fileEncoding = 4; lastKnownFileType = sourcecode.c.h; path = MJTypeEncoding.h; sourceTree = "<group>"; };
		896E5E261B9D25E1008F7A2F /* MJTypeEncoding.m */ = {isa = PBXFileReference; fileEncoding = 4; lastKnownFileType = sourcecode.c.objc; path = MJTypeEncoding.m; sourceTree = "<group>"; };
		896E5E271B9D25E1008F7A2F /* NSObject+MJCoding.h */ = {isa = PBXFileReference; fileEncoding = 4; lastKnownFileType = sourcecode.c.h; path = "NSObject+MJCoding.h"; sourceTree = "<group>"; };
		896E5E281B9D25E1008F7A2F /* NSObject+MJCoding.m */ = {isa = PBXFileReference; fileEncoding = 4; lastKnownFileType = sourcecode.c.objc; path = "NSObject+MJCoding.m"; sourceTree = "<group>"; };
		896E5E291B9D25E1008F7A2F /* NSObject+MJKeyValue.h */ = {isa = PBXFileReference; fileEncoding = 4; lastKnownFileType = sourcecode.c.h; path = "NSObject+MJKeyValue.h"; sourceTree = "<group>"; };
		896E5E2A1B9D25E1008F7A2F /* NSObject+MJKeyValue.m */ = {isa = PBXFileReference; fileEncoding = 4; lastKnownFileType = sourcecode.c.objc; path = "NSObject+MJKeyValue.m"; sourceTree = "<group>"; };
		896E5E2B1B9D25E1008F7A2F /* NSObject+MJMember.h */ = {isa = PBXFileReference; fileEncoding = 4; lastKnownFileType = sourcecode.c.h; path = "NSObject+MJMember.h"; sourceTree = "<group>"; };
		896E5E2C1B9D25E1008F7A2F /* NSObject+MJMember.m */ = {isa = PBXFileReference; fileEncoding = 4; lastKnownFileType = sourcecode.c.objc; path = "NSObject+MJMember.m"; sourceTree = "<group>"; };
		896E5E411B9D25EA008F7A2F /* UIBarButtonItem+Extension.h */ = {isa = PBXFileReference; fileEncoding = 4; lastKnownFileType = sourcecode.c.h; name = "UIBarButtonItem+Extension.h"; path = "Lib/UIBarButtonItem+Extension.h"; sourceTree = "<group>"; };
		896E5E421B9D25EA008F7A2F /* UIBarButtonItem+Extension.m */ = {isa = PBXFileReference; fileEncoding = 4; lastKnownFileType = sourcecode.c.objc; name = "UIBarButtonItem+Extension.m"; path = "Lib/UIBarButtonItem+Extension.m"; sourceTree = "<group>"; };
		896E5E431B9D25EA008F7A2F /* UIView+Extension.h */ = {isa = PBXFileReference; fileEncoding = 4; lastKnownFileType = sourcecode.c.h; name = "UIView+Extension.h"; path = "Lib/UIView+Extension.h"; sourceTree = "<group>"; };
		896E5E441B9D25EA008F7A2F /* UIView+Extension.m */ = {isa = PBXFileReference; fileEncoding = 4; lastKnownFileType = sourcecode.c.objc; name = "UIView+Extension.m"; path = "Lib/UIView+Extension.m"; sourceTree = "<group>"; };
		896E5E471B9D2A3F008F7A2F /* LCHomeTopItem.xib */ = {isa = PBXFileReference; fileEncoding = 4; lastKnownFileType = file.xib; path = LCHomeTopItem.xib; sourceTree = "<group>"; };
		896E5E491B9D2E10008F7A2F /* LCHomeTopItem.h */ = {isa = PBXFileReference; fileEncoding = 4; lastKnownFileType = sourcecode.c.h; path = LCHomeTopItem.h; sourceTree = "<group>"; };
		896E5E4A1B9D2E10008F7A2F /* LCHomeTopItem.m */ = {isa = PBXFileReference; fileEncoding = 4; lastKnownFileType = sourcecode.c.objc; path = LCHomeTopItem.m; sourceTree = "<group>"; };
		896E5E4F1B9D3340008F7A2F /* LCHomeDropView.h */ = {isa = PBXFileReference; fileEncoding = 4; lastKnownFileType = sourcecode.c.h; path = LCHomeDropView.h; sourceTree = "<group>"; };
		896E5E501B9D3340008F7A2F /* LCHomeDropView.m */ = {isa = PBXFileReference; fileEncoding = 4; lastKnownFileType = sourcecode.c.objc; path = LCHomeDropView.m; sourceTree = "<group>"; wrapsLines = 0; };
		896E5E521B9D3375008F7A2F /* LCHomeDropView.xib */ = {isa = PBXFileReference; fileEncoding = 4; lastKnownFileType = file.xib; path = LCHomeDropView.xib; sourceTree = "<group>"; };
		896E5E541B9D3A32008F7A2F /* LCCategoryViewController.h */ = {isa = PBXFileReference; fileEncoding = 4; lastKnownFileType = sourcecode.c.h; path = LCCategoryViewController.h; sourceTree = "<group>"; };
		896E5E551B9D3A32008F7A2F /* LCCategoryViewController.m */ = {isa = PBXFileReference; fileEncoding = 4; lastKnownFileType = sourcecode.c.objc; path = LCCategoryViewController.m; sourceTree = "<group>"; };
		896E5E5B1B9D3D73008F7A2F /* categories.plist */ = {isa = PBXFileReference; fileEncoding = 4; lastKnownFileType = text.plist.xml; path = categories.plist; sourceTree = "<group>"; };
		896E5E5C1B9D3D73008F7A2F /* cities.plist */ = {isa = PBXFileReference; fileEncoding = 4; lastKnownFileType = text.plist.xml; path = cities.plist; sourceTree = "<group>"; };
		896E5E5D1B9D3D73008F7A2F /* cityGroups.plist */ = {isa = PBXFileReference; fileEncoding = 4; lastKnownFileType = text.plist.xml; path = cityGroups.plist; sourceTree = "<group>"; };
		896E5E5E1B9D3D73008F7A2F /* sorts.plist */ = {isa = PBXFileReference; fileEncoding = 4; lastKnownFileType = text.plist.xml; path = sorts.plist; sourceTree = "<group>"; };
		896E5E651B9D3E84008F7A2F /* LCCategory.h */ = {isa = PBXFileReference; fileEncoding = 4; lastKnownFileType = sourcecode.c.h; path = LCCategory.h; sourceTree = "<group>"; };
		896E5E661B9D3E84008F7A2F /* LCCategory.m */ = {isa = PBXFileReference; fileEncoding = 4; lastKnownFileType = sourcecode.c.objc; path = LCCategory.m; sourceTree = "<group>"; };
		896E5E6B1B9D71FF008F7A2F /* LCHomeDropMainTableViewCell.h */ = {isa = PBXFileReference; fileEncoding = 4; lastKnownFileType = sourcecode.c.h; path = LCHomeDropMainTableViewCell.h; sourceTree = "<group>"; };
		896E5E6C1B9D71FF008F7A2F /* LCHomeDropMainTableViewCell.m */ = {isa = PBXFileReference; fileEncoding = 4; lastKnownFileType = sourcecode.c.objc; path = LCHomeDropMainTableViewCell.m; sourceTree = "<group>"; };
		896E5E6E1B9D7211008F7A2F /* LCHomeDropSubTableViewCell.h */ = {isa = PBXFileReference; fileEncoding = 4; lastKnownFileType = sourcecode.c.h; path = LCHomeDropSubTableViewCell.h; sourceTree = "<group>"; };
		896E5E6F1B9D7211008F7A2F /* LCHomeDropSubTableViewCell.m */ = {isa = PBXFileReference; fileEncoding = 4; lastKnownFileType = sourcecode.c.objc; path = LCHomeDropSubTableViewCell.m; sourceTree = "<group>"; };
		896E5E711B9D77FA008F7A2F /* LCDistrictViewController.h */ = {isa = PBXFileReference; fileEncoding = 4; lastKnownFileType = sourcecode.c.h; path = LCDistrictViewController.h; sourceTree = "<group>"; };
		896E5E721B9D77FA008F7A2F /* LCDistrictViewController.m */ = {isa = PBXFileReference; fileEncoding = 4; lastKnownFileType = sourcecode.c.objc; path = LCDistrictViewController.m; sourceTree = "<group>"; };
		896E5E731B9D77FA008F7A2F /* LCDistrictViewController.xib */ = {isa = PBXFileReference; fileEncoding = 4; lastKnownFileType = file.xib; path = LCDistrictViewController.xib; sourceTree = "<group>"; };
		896E5E761B9D7D3F008F7A2F /* LCCityViewController.h */ = {isa = PBXFileReference; fileEncoding = 4; lastKnownFileType = sourcecode.c.h; path = LCCityViewController.h; sourceTree = "<group>"; };
		896E5E771B9D7D3F008F7A2F /* LCCityViewController.m */ = {isa = PBXFileReference; fileEncoding = 4; lastKnownFileType = sourcecode.c.objc; path = LCCityViewController.m; sourceTree = "<group>"; };
		896E5E781B9D7D3F008F7A2F /* LCCityViewController.xib */ = {isa = PBXFileReference; fileEncoding = 4; lastKnownFileType = file.xib; path = LCCityViewController.xib; sourceTree = "<group>"; };
		896E5E7C1B9D8523008F7A2F /* LCCity.h */ = {isa = PBXFileReference; fileEncoding = 4; lastKnownFileType = sourcecode.c.h; path = LCCity.h; sourceTree = "<group>"; };
		896E5E7D1B9D8523008F7A2F /* LCCity.m */ = {isa = PBXFileReference; fileEncoding = 4; lastKnownFileType = sourcecode.c.objc; path = LCCity.m; sourceTree = "<group>"; };
		896E5E7F1B9D85DB008F7A2F /* LCRegion.h */ = {isa = PBXFileReference; fileEncoding = 4; lastKnownFileType = sourcecode.c.h; path = LCRegion.h; sourceTree = "<group>"; };
		896E5E801B9D85DB008F7A2F /* LCRegion.m */ = {isa = PBXFileReference; fileEncoding = 4; lastKnownFileType = sourcecode.c.objc; path = LCRegion.m; sourceTree = "<group>"; };
		896E5E821B9D889D008F7A2F /* LCcityGroup.h */ = {isa = PBXFileReference; fileEncoding = 4; lastKnownFileType = sourcecode.c.h; path = LCcityGroup.h; sourceTree = "<group>"; };
		896E5E831B9D889D008F7A2F /* LCcityGroup.m */ = {isa = PBXFileReference; fileEncoding = 4; lastKnownFileType = sourcecode.c.objc; path = LCcityGroup.m; sourceTree = "<group>"; };
		89AC76A71B9FCAB4000B7B6C /* DPAPI.h */ = {isa = PBXFileReference; fileEncoding = 4; lastKnownFileType = sourcecode.c.h; path = DPAPI.h; sourceTree = "<group>"; };
		89AC76A81B9FCAB4000B7B6C /* DPAPI.m */ = {isa = PBXFileReference; fileEncoding = 4; lastKnownFileType = sourcecode.c.objc; path = DPAPI.m; sourceTree = "<group>"; };
		89AC76A91B9FCAB4000B7B6C /* DPConstants.h */ = {isa = PBXFileReference; fileEncoding = 4; lastKnownFileType = sourcecode.c.h; path = DPConstants.h; sourceTree = "<group>"; };
		89AC76AA1B9FCAB4000B7B6C /* DPRequest.h */ = {isa = PBXFileReference; fileEncoding = 4; lastKnownFileType = sourcecode.c.h; path = DPRequest.h; sourceTree = "<group>"; };
		89AC76AB1B9FCAB4000B7B6C /* DPRequest.m */ = {isa = PBXFileReference; fileEncoding = 4; lastKnownFileType = sourcecode.c.objc; path = DPRequest.m; sourceTree = "<group>"; };
		89AC76AF1B9FCAB8000B7B6C /* MKAnnotationView+WebCache.h */ = {isa = PBXFileReference; fileEncoding = 4; lastKnownFileType = sourcecode.c.h; path = "MKAnnotationView+WebCache.h"; sourceTree = "<group>"; };
		89AC76B01B9FCAB8000B7B6C /* MKAnnotationView+WebCache.m */ = {isa = PBXFileReference; fileEncoding = 4; lastKnownFileType = sourcecode.c.objc; path = "MKAnnotationView+WebCache.m"; sourceTree = "<group>"; };
		89AC76B11B9FCAB8000B7B6C /* NSData+ImageContentType.h */ = {isa = PBXFileReference; fileEncoding = 4; lastKnownFileType = sourcecode.c.h; path = "NSData+ImageContentType.h"; sourceTree = "<group>"; };
		89AC76B21B9FCAB8000B7B6C /* NSData+ImageContentType.m */ = {isa = PBXFileReference; fileEncoding = 4; lastKnownFileType = sourcecode.c.objc; path = "NSData+ImageContentType.m"; sourceTree = "<group>"; };
		89AC76B31B9FCAB8000B7B6C /* SDImageCache.h */ = {isa = PBXFileReference; fileEncoding = 4; lastKnownFileType = sourcecode.c.h; path = SDImageCache.h; sourceTree = "<group>"; };
		89AC76B41B9FCAB8000B7B6C /* SDImageCache.m */ = {isa = PBXFileReference; fileEncoding = 4; lastKnownFileType = sourcecode.c.objc; path = SDImageCache.m; sourceTree = "<group>"; };
		89AC76B51B9FCAB8000B7B6C /* SDWebImageCompat.h */ = {isa = PBXFileReference; fileEncoding = 4; lastKnownFileType = sourcecode.c.h; path = SDWebImageCompat.h; sourceTree = "<group>"; };
		89AC76B61B9FCAB8000B7B6C /* SDWebImageCompat.m */ = {isa = PBXFileReference; fileEncoding = 4; lastKnownFileType = sourcecode.c.objc; path = SDWebImageCompat.m; sourceTree = "<group>"; };
		89AC76B71B9FCAB8000B7B6C /* SDWebImageDecoder.h */ = {isa = PBXFileReference; fileEncoding = 4; lastKnownFileType = sourcecode.c.h; path = SDWebImageDecoder.h; sourceTree = "<group>"; };
		89AC76B81B9FCAB8000B7B6C /* SDWebImageDecoder.m */ = {isa = PBXFileReference; fileEncoding = 4; lastKnownFileType = sourcecode.c.objc; path = SDWebImageDecoder.m; sourceTree = "<group>"; };
		89AC76B91B9FCAB8000B7B6C /* SDWebImageDownloader.h */ = {isa = PBXFileReference; fileEncoding = 4; lastKnownFileType = sourcecode.c.h; path = SDWebImageDownloader.h; sourceTree = "<group>"; };
		89AC76BA1B9FCAB8000B7B6C /* SDWebImageDownloader.m */ = {isa = PBXFileReference; fileEncoding = 4; lastKnownFileType = sourcecode.c.objc; path = SDWebImageDownloader.m; sourceTree = "<group>"; };
		89AC76BB1B9FCAB8000B7B6C /* SDWebImageDownloaderOperation.h */ = {isa = PBXFileReference; fileEncoding = 4; lastKnownFileType = sourcecode.c.h; path = SDWebImageDownloaderOperation.h; sourceTree = "<group>"; };
		89AC76BC1B9FCAB8000B7B6C /* SDWebImageDownloaderOperation.m */ = {isa = PBXFileReference; fileEncoding = 4; lastKnownFileType = sourcecode.c.objc; path = SDWebImageDownloaderOperation.m; sourceTree = "<group>"; };
		89AC76BD1B9FCAB8000B7B6C /* SDWebImageManager.h */ = {isa = PBXFileReference; fileEncoding = 4; lastKnownFileType = sourcecode.c.h; path = SDWebImageManager.h; sourceTree = "<group>"; };
		89AC76BE1B9FCAB8000B7B6C /* SDWebImageManager.m */ = {isa = PBXFileReference; fileEncoding = 4; lastKnownFileType = sourcecode.c.objc; path = SDWebImageManager.m; sourceTree = "<group>"; };
		89AC76BF1B9FCAB8000B7B6C /* SDWebImageOperation.h */ = {isa = PBXFileReference; fileEncoding = 4; lastKnownFileType = sourcecode.c.h; path = SDWebImageOperation.h; sourceTree = "<group>"; };
		89AC76C01B9FCAB8000B7B6C /* SDWebImagePrefetcher.h */ = {isa = PBXFileReference; fileEncoding = 4; lastKnownFileType = sourcecode.c.h; path = SDWebImagePrefetcher.h; sourceTree = "<group>"; };
		89AC76C11B9FCAB8000B7B6C /* SDWebImagePrefetcher.m */ = {isa = PBXFileReference; fileEncoding = 4; lastKnownFileType = sourcecode.c.objc; path = SDWebImagePrefetcher.m; sourceTree = "<group>"; };
		89AC76C21B9FCAB8000B7B6C /* UIButton+WebCache.h */ = {isa = PBXFileReference; fileEncoding = 4; lastKnownFileType = sourcecode.c.h; path = "UIButton+WebCache.h"; sourceTree = "<group>"; };
		89AC76C31B9FCAB8000B7B6C /* UIButton+WebCache.m */ = {isa = PBXFileReference; fileEncoding = 4; lastKnownFileType = sourcecode.c.objc; path = "UIButton+WebCache.m"; sourceTree = "<group>"; };
		89AC76C41B9FCAB8000B7B6C /* UIImage+GIF.h */ = {isa = PBXFileReference; fileEncoding = 4; lastKnownFileType = sourcecode.c.h; path = "UIImage+GIF.h"; sourceTree = "<group>"; };
		89AC76C51B9FCAB8000B7B6C /* UIImage+GIF.m */ = {isa = PBXFileReference; fileEncoding = 4; lastKnownFileType = sourcecode.c.objc; path = "UIImage+GIF.m"; sourceTree = "<group>"; };
		89AC76C61B9FCAB8000B7B6C /* UIImage+MultiFormat.h */ = {isa = PBXFileReference; fileEncoding = 4; lastKnownFileType = sourcecode.c.h; path = "UIImage+MultiFormat.h"; sourceTree = "<group>"; };
		89AC76C71B9FCAB8000B7B6C /* UIImage+MultiFormat.m */ = {isa = PBXFileReference; fileEncoding = 4; lastKnownFileType = sourcecode.c.objc; path = "UIImage+MultiFormat.m"; sourceTree = "<group>"; };
		89AC76C81B9FCAB8000B7B6C /* UIImage+WebP.h */ = {isa = PBXFileReference; fileEncoding = 4; lastKnownFileType = sourcecode.c.h; path = "UIImage+WebP.h"; sourceTree = "<group>"; };
		89AC76C91B9FCAB8000B7B6C /* UIImage+WebP.m */ = {isa = PBXFileReference; fileEncoding = 4; lastKnownFileType = sourcecode.c.objc; path = "UIImage+WebP.m"; sourceTree = "<group>"; };
		89AC76CA1B9FCAB8000B7B6C /* UIImageView+HighlightedWebCache.h */ = {isa = PBXFileReference; fileEncoding = 4; lastKnownFileType = sourcecode.c.h; path = "UIImageView+HighlightedWebCache.h"; sourceTree = "<group>"; };
		89AC76CB1B9FCAB8000B7B6C /* UIImageView+HighlightedWebCache.m */ = {isa = PBXFileReference; fileEncoding = 4; lastKnownFileType = sourcecode.c.objc; path = "UIImageView+HighlightedWebCache.m"; sourceTree = "<group>"; };
		89AC76CC1B9FCAB8000B7B6C /* UIImageView+WebCache.h */ = {isa = PBXFileReference; fileEncoding = 4; lastKnownFileType = sourcecode.c.h; path = "UIImageView+WebCache.h"; sourceTree = "<group>"; };
		89AC76CD1B9FCAB8000B7B6C /* UIImageView+WebCache.m */ = {isa = PBXFileReference; fileEncoding = 4; lastKnownFileType = sourcecode.c.objc; path = "UIImageView+WebCache.m"; sourceTree = "<group>"; };
		89AC76CE1B9FCAB8000B7B6C /* UIView+WebCacheOperation.h */ = {isa = PBXFileReference; fileEncoding = 4; lastKnownFileType = sourcecode.c.h; path = "UIView+WebCacheOperation.h"; sourceTree = "<group>"; };
		89AC76CF1B9FCAB8000B7B6C /* UIView+WebCacheOperation.m */ = {isa = PBXFileReference; fileEncoding = 4; lastKnownFileType = sourcecode.c.objc; path = "UIView+WebCacheOperation.m"; sourceTree = "<group>"; };
		89AC76E01B9FCAC8000B7B6C /* Foundation+Log.m */ = {isa = PBXFileReference; fileEncoding = 4; lastKnownFileType = sourcecode.c.objc; name = "Foundation+Log.m"; path = "../Foundation+Log.m"; sourceTree = "<group>"; };
		89AC76E21B9FD44A000B7B6C /* LCDeal.h */ = {isa = PBXFileReference; fileEncoding = 4; lastKnownFileType = sourcecode.c.h; path = LCDeal.h; sourceTree = "<group>"; };
		89AC76E31B9FD44A000B7B6C /* LCDeal.m */ = {isa = PBXFileReference; fileEncoding = 4; lastKnownFileType = sourcecode.c.objc; path = LCDeal.m; sourceTree = "<group>"; };
		89AC76E51B9FD88C000B7B6C /* LCDealCell.h */ = {isa = PBXFileReference; fileEncoding = 4; lastKnownFileType = sourcecode.c.h; path = LCDealCell.h; sourceTree = "<group>"; };
		89AC76E61B9FD88C000B7B6C /* LCDealCell.m */ = {isa = PBXFileReference; fileEncoding = 4; lastKnownFileType = sourcecode.c.objc; path = LCDealCell.m; sourceTree = "<group>"; };
		89AC76E71B9FD88C000B7B6C /* LCDealCell.xib */ = {isa = PBXFileReference; fileEncoding = 4; lastKnownFileType = file.xib; path = LCDealCell.xib; sourceTree = "<group>"; };
		89AC76EA1B9FFB52000B7B6C /* LCCenterLineLabel.h */ = {isa = PBXFileReference; fileEncoding = 4; lastKnownFileType = sourcecode.c.h; path = LCCenterLineLabel.h; sourceTree = "<group>"; };
		89AC76EB1B9FFB52000B7B6C /* LCCenterLineLabel.m */ = {isa = PBXFileReference; fileEncoding = 4; lastKnownFileType = sourcecode.c.objc; path = LCCenterLineLabel.m; sourceTree = "<group>"; };
		89AC76EE1BA007F4000B7B6C /* MJRefresh.bundle */ = {isa = PBXFileReference; lastKnownFileType = "wrapper.plug-in"; path = MJRefresh.bundle; sourceTree = "<group>"; };
		89AC76EF1BA007F4000B7B6C /* MJRefresh.h */ = {isa = PBXFileReference; fileEncoding = 4; lastKnownFileType = sourcecode.c.h; path = MJRefresh.h; sourceTree = "<group>"; };
		89AC76F01BA007F4000B7B6C /* MJRefreshBaseView.h */ = {isa = PBXFileReference; fileEncoding = 4; lastKnownFileType = sourcecode.c.h; path = MJRefreshBaseView.h; sourceTree = "<group>"; };
		89AC76F11BA007F4000B7B6C /* MJRefreshBaseView.m */ = {isa = PBXFileReference; fileEncoding = 4; lastKnownFileType = sourcecode.c.objc; path = MJRefreshBaseView.m; sourceTree = "<group>"; };
		89AC76F21BA007F4000B7B6C /* MJRefreshConst.h */ = {isa = PBXFileReference; fileEncoding = 4; lastKnownFileType = sourcecode.c.h; path = MJRefreshConst.h; sourceTree = "<group>"; };
		89AC76F31BA007F4000B7B6C /* MJRefreshConst.m */ = {isa = PBXFileReference; fileEncoding = 4; lastKnownFileType = sourcecode.c.objc; path = MJRefreshConst.m; sourceTree = "<group>"; };
		89AC76F41BA007F4000B7B6C /* MJRefreshFooterView.h */ = {isa = PBXFileReference; fileEncoding = 4; lastKnownFileType = sourcecode.c.h; path = MJRefreshFooterView.h; sourceTree = "<group>"; };
		89AC76F51BA007F4000B7B6C /* MJRefreshFooterView.m */ = {isa = PBXFileReference; fileEncoding = 4; lastKnownFileType = sourcecode.c.objc; path = MJRefreshFooterView.m; sourceTree = "<group>"; };
		89AC76F61BA007F4000B7B6C /* MJRefreshHeaderView.h */ = {isa = PBXFileReference; fileEncoding = 4; lastKnownFileType = sourcecode.c.h; path = MJRefreshHeaderView.h; sourceTree = "<group>"; };
		89AC76F71BA007F4000B7B6C /* MJRefreshHeaderView.m */ = {isa = PBXFileReference; fileEncoding = 4; lastKnownFileType = sourcecode.c.objc; path = MJRefreshHeaderView.m; sourceTree = "<group>"; };
		89AC76F81BA007F4000B7B6C /* UIScrollView+MJExtension.h */ = {isa = PBXFileReference; fileEncoding = 4; lastKnownFileType = sourcecode.c.h; path = "UIScrollView+MJExtension.h"; sourceTree = "<group>"; };
		89AC76F91BA007F4000B7B6C /* UIScrollView+MJExtension.m */ = {isa = PBXFileReference; fileEncoding = 4; lastKnownFileType = sourcecode.c.objc; path = "UIScrollView+MJExtension.m"; sourceTree = "<group>"; };
		89AC76FA1BA007F4000B7B6C /* UIScrollView+MJRefresh.h */ = {isa = PBXFileReference; fileEncoding = 4; lastKnownFileType = sourcecode.c.h; path = "UIScrollView+MJRefresh.h"; sourceTree = "<group>"; };
		89AC76FB1BA007F4000B7B6C /* UIScrollView+MJRefresh.m */ = {isa = PBXFileReference; fileEncoding = 4; lastKnownFileType = sourcecode.c.objc; path = "UIScrollView+MJRefresh.m"; sourceTree = "<group>"; };
		89AC76FC1BA007F4000B7B6C /* UIView+MJExtension.h */ = {isa = PBXFileReference; fileEncoding = 4; lastKnownFileType = sourcecode.c.h; path = "UIView+MJExtension.h"; sourceTree = "<group>"; };
		89AC76FD1BA007F4000B7B6C /* UIView+MJExtension.m */ = {isa = PBXFileReference; fileEncoding = 4; lastKnownFileType = sourcecode.c.objc; path = "UIView+MJExtension.m"; sourceTree = "<group>"; };
		89D0FCCC1B9C35D900731253 /* 美团HD.app */ = {isa = PBXFileReference; explicitFileType = wrapper.application; includeInIndex = 0; path = "美团HD.app"; sourceTree = BUILT_PRODUCTS_DIR; };
		89D0FCD01B9C35D900731253 /* Info.plist */ = {isa = PBXFileReference; lastKnownFileType = text.plist.xml; path = Info.plist; sourceTree = "<group>"; };
		89D0FCD11B9C35D900731253 /* main.m */ = {isa = PBXFileReference; lastKnownFileType = sourcecode.c.objc; path = main.m; sourceTree = "<group>"; };
		89D0FCD31B9C35D900731253 /* AppDelegate.h */ = {isa = PBXFileReference; lastKnownFileType = sourcecode.c.h; path = AppDelegate.h; sourceTree = "<group>"; };
		89D0FCD41B9C35D900731253 /* AppDelegate.m */ = {isa = PBXFileReference; lastKnownFileType = sourcecode.c.objc; path = AppDelegate.m; sourceTree = "<group>"; };
		89D0FCDC1B9C35D900731253 /* Images.xcassets */ = {isa = PBXFileReference; lastKnownFileType = folder.assetcatalog; path = Images.xcassets; sourceTree = "<group>"; };
		89D0FCE51B9C35D900731253 /* 美团HDTests.xctest */ = {isa = PBXFileReference; explicitFileType = wrapper.cfbundle; includeInIndex = 0; path = "美团HDTests.xctest"; sourceTree = BUILT_PRODUCTS_DIR; };
		89D0FCEA1B9C35D900731253 /* Info.plist */ = {isa = PBXFileReference; lastKnownFileType = text.plist.xml; path = Info.plist; sourceTree = "<group>"; };
		89D0FCEB1B9C35D900731253 /* __HDTests.m */ = {isa = PBXFileReference; lastKnownFileType = sourcecode.c.objc; path = __HDTests.m; sourceTree = "<group>"; };
		89D0FCF51B9C3B3A00731253 /* LCHomeCollectionViewController.h */ = {isa = PBXFileReference; fileEncoding = 4; lastKnownFileType = sourcecode.c.h; path = LCHomeCollectionViewController.h; sourceTree = "<group>"; };
		89D0FCF61B9C3B3A00731253 /* LCHomeCollectionViewController.m */ = {isa = PBXFileReference; fileEncoding = 4; lastKnownFileType = sourcecode.c.objc; path = LCHomeCollectionViewController.m; sourceTree = "<group>"; };
		89D0FCF81B9C3CAE00731253 /* LCNavigationViewController.h */ = {isa = PBXFileReference; fileEncoding = 4; lastKnownFileType = sourcecode.c.h; path = LCNavigationViewController.h; sourceTree = "<group>"; };
		89D0FCF91B9C3CAE00731253 /* LCNavigationViewController.m */ = {isa = PBXFileReference; fileEncoding = 4; lastKnownFileType = sourcecode.c.objc; path = LCNavigationViewController.m; sourceTree = "<group>"; };
		89D0FCFB1B9C3D8D00731253 /* LCConst.h */ = {isa = PBXFileReference; fileEncoding = 4; lastKnownFileType = sourcecode.c.h; path = LCConst.h; sourceTree = "<group>"; };
		89D0FCFC1B9C3D8D00731253 /* LCConst.m */ = {isa = PBXFileReference; fileEncoding = 4; lastKnownFileType = sourcecode.c.objc; path = LCConst.m; sourceTree = "<group>"; };
		89DA60D61B9E7939000122C3 /* UIView+AutoLayout.h */ = {isa = PBXFileReference; fileEncoding = 4; lastKnownFileType = sourcecode.c.h; path = "UIView+AutoLayout.h"; sourceTree = "<group>"; };
		89DA60D71B9E7939000122C3 /* UIView+AutoLayout.m */ = {isa = PBXFileReference; fileEncoding = 4; lastKnownFileType = sourcecode.c.objc; path = "UIView+AutoLayout.m"; sourceTree = "<group>"; };
		89DA60D91B9E80E2000122C3 /* LCSearchResultTableViewController.h */ = {isa = PBXFileReference; fileEncoding = 4; lastKnownFileType = sourcecode.c.h; path = LCSearchResultTableViewController.h; sourceTree = "<group>"; };
		89DA60DA1B9E80E2000122C3 /* LCSearchResultTableViewController.m */ = {isa = PBXFileReference; fileEncoding = 4; lastKnownFileType = sourcecode.c.objc; path = LCSearchResultTableViewController.m; sourceTree = "<group>"; };
/* End PBXFileReference section */

/* Begin PBXFrameworksBuildPhase section */
		89D0FCC91B9C35D900731253 /* Frameworks */ = {
			isa = PBXFrameworksBuildPhase;
			buildActionMask = 2147483647;
			files = (
			);
			runOnlyForDeploymentPostprocessing = 0;
		};
		89D0FCE21B9C35D900731253 /* Frameworks */ = {
			isa = PBXFrameworksBuildPhase;
			buildActionMask = 2147483647;
			files = (
			);
			runOnlyForDeploymentPostprocessing = 0;
		};
/* End PBXFrameworksBuildPhase section */

/* Begin PBXGroup section */
		408879B11B9F702E003C643C /* UIView+AutoLayout */ = {
			isa = PBXGroup;
			children = (
				89DA60D61B9E7939000122C3 /* UIView+AutoLayout.h */,
				89DA60D71B9E7939000122C3 /* UIView+AutoLayout.m */,
			);
			name = "UIView+AutoLayout";
			sourceTree = "<group>";
		};
		89011DB61BA010AC00612B20 /* SVProgressHUD */ = {
			isa = PBXGroup;
			children = (
				89011DB71BA010AC00612B20 /* LICENSE.txt */,
				89011DB81BA010AC00612B20 /* README.md */,
				89011DB91BA010AC00612B20 /* SVProgressHUD */,
			);
			path = SVProgressHUD;
			sourceTree = "<group>";
		};
		89011DB91BA010AC00612B20 /* SVProgressHUD */ = {
			isa = PBXGroup;
			children = (
				89011DBA1BA010AC00612B20 /* SVProgressHUD.bundle */,
				89011DBB1BA010AC00612B20 /* SVProgressHUD.h */,
				89011DBC1BA010AC00612B20 /* SVProgressHUD.m */,
			);
			path = SVProgressHUD;
			sourceTree = "<group>";
		};
		89011DC11BA01AD500612B20 /* Search */ = {
			isa = PBXGroup;
			children = (
				89011DC51BA0291400612B20 /* LCSearchCollectionViewController.h */,
				89011DC61BA0291400612B20 /* LCSearchCollectionViewController.m */,
			);
			name = Search;
			sourceTree = "<group>";
		};
		89011DC81BA032D400612B20 /* AwesomeMenu */ = {
			isa = PBXGroup;
			children = (
				89011DC91BA032D400612B20 /* AwesomeMenu.h */,
				89011DCA1BA032D400612B20 /* AwesomeMenu.m */,
				89011DCB1BA032D400612B20 /* AwesomeMenuItem.h */,
				89011DCC1BA032D400612B20 /* AwesomeMenuItem.m */,
			);
			path = AwesomeMenu;
			sourceTree = "<group>";
		};
		89011DCF1BA0367700612B20 /* Collect */ = {
			isa = PBXGroup;
			children = (
				89011DD41BA036EC00612B20 /* LCCollectViewController.h */,
				89011DD51BA036EC00612B20 /* LCCollectViewController.m */,
			);
			name = Collect;
			sourceTree = "<group>";
		};
		89011DD31BA036A400612B20 /* Recent */ = {
			isa = PBXGroup;
			children = (
				89011DD01BA0369F00612B20 /* LCRecentViewController.h */,
				89011DD11BA0369F00612B20 /* LCRecentViewController.m */,
			);
			name = Recent;
			sourceTree = "<group>";
		};
		895324121BA157B40019B325 /* Detail */ = {
			isa = PBXGroup;
			children = (
				8953241A1BA15A200019B325 /* LCDetailViewController.h */,
				8953241B1BA15A200019B325 /* LCDetailViewController.m */,
				8953241C1BA15A200019B325 /* LCDetailViewController.xib */,
			);
			name = Detail;
			sourceTree = "<group>";
		};
		896E5DE71B9D2515008F7A2F /* Category */ = {
			isa = PBXGroup;
			children = (
				89AC76E01B9FCAC8000B7B6C /* Foundation+Log.m */,
				896E5E411B9D25EA008F7A2F /* UIBarButtonItem+Extension.h */,
				896E5E421B9D25EA008F7A2F /* UIBarButtonItem+Extension.m */,
				896E5E431B9D25EA008F7A2F /* UIView+Extension.h */,
				896E5E441B9D25EA008F7A2F /* UIView+Extension.m */,
				896E5DE81B9D2515008F7A2F /* CategoryWF.h */,
				896E5DE91B9D2515008F7A2F /* UIButton+WF.h */,
				896E5DEA1B9D2515008F7A2F /* UIButton+WF.m */,
				896E5DEB1B9D2515008F7A2F /* UIImage+WF.h */,
				896E5DEC1B9D2515008F7A2F /* UIImage+WF.m */,
				896E5DED1B9D2515008F7A2F /* UIScreen+WF.h */,
				896E5DEE1B9D2515008F7A2F /* UIScreen+WF.m */,
				896E5DF11B9D2515008F7A2F /* UITextField+WF.h */,
				896E5DF21B9D2515008F7A2F /* UITextField+WF.m */,
				896E5DF31B9D2515008F7A2F /* UIView+WF.h */,
				896E5DF41B9D2515008F7A2F /* UIView+WF.m */,
			);
			path = Category;
			sourceTree = "<group>";
		};
		896E5DFB1B9D2524008F7A2F /* Libs */ = {
			isa = PBXGroup;
			children = (
				89011DB61BA010AC00612B20 /* SVProgressHUD */,
				89AC76ED1BA007F4000B7B6C /* MJRefresh */,
				89AC76AE1B9FCAB8000B7B6C /* SDWebImage */,
				89AC76A61B9FCAB4000B7B6C /* dianpingapi */,
				408879B11B9F702E003C643C /* UIView+AutoLayout */,
				896E5E151B9D25E1008F7A2F /* MJExtension */,
				896E5DFD1B9D25E1008F7A2F /* Masonry */,
				896E5DE71B9D2515008F7A2F /* Category */,
				89011DC81BA032D400612B20 /* AwesomeMenu */,
			);
			name = Libs;
			sourceTree = "<group>";
		};
		896E5DFD1B9D25E1008F7A2F /* Masonry */ = {
			isa = PBXGroup;
			children = (
				896E5DFE1B9D25E1008F7A2F /* MASCompositeConstraint.h */,
				896E5DFF1B9D25E1008F7A2F /* MASCompositeConstraint.m */,
				896E5E001B9D25E1008F7A2F /* MASConstraint+Private.h */,
				896E5E011B9D25E1008F7A2F /* MASConstraint.h */,
				896E5E021B9D25E1008F7A2F /* MASConstraint.m */,
				896E5E031B9D25E1008F7A2F /* MASConstraintMaker.h */,
				896E5E041B9D25E1008F7A2F /* MASConstraintMaker.m */,
				896E5E051B9D25E1008F7A2F /* MASLayoutConstraint.h */,
				896E5E061B9D25E1008F7A2F /* MASLayoutConstraint.m */,
				896E5E071B9D25E1008F7A2F /* Masonry.h */,
				896E5E081B9D25E1008F7A2F /* MASUtilities.h */,
				896E5E091B9D25E1008F7A2F /* MASViewAttribute.h */,
				896E5E0A1B9D25E1008F7A2F /* MASViewAttribute.m */,
				896E5E0B1B9D25E1008F7A2F /* MASViewConstraint.h */,
				896E5E0C1B9D25E1008F7A2F /* MASViewConstraint.m */,
				896E5E0D1B9D25E1008F7A2F /* NSArray+MASAdditions.h */,
				896E5E0E1B9D25E1008F7A2F /* NSArray+MASAdditions.m */,
				896E5E0F1B9D25E1008F7A2F /* NSArray+MASShorthandAdditions.h */,
				896E5E101B9D25E1008F7A2F /* NSLayoutConstraint+MASDebugAdditions.h */,
				896E5E111B9D25E1008F7A2F /* NSLayoutConstraint+MASDebugAdditions.m */,
				896E5E121B9D25E1008F7A2F /* View+MASAdditions.h */,
				896E5E131B9D25E1008F7A2F /* View+MASAdditions.m */,
				896E5E141B9D25E1008F7A2F /* View+MASShorthandAdditions.h */,
			);
			name = Masonry;
			path = Category/Lib/Masonry;
			sourceTree = "<group>";
		};
		896E5E151B9D25E1008F7A2F /* MJExtension */ = {
			isa = PBXGroup;
			children = (
				896E5E161B9D25E1008F7A2F /* MJArgument.h */,
				896E5E171B9D25E1008F7A2F /* MJArgument.m */,
				896E5E181B9D25E1008F7A2F /* MJConst.h */,
				896E5E191B9D25E1008F7A2F /* MJConst.m */,
				896E5E1A1B9D25E1008F7A2F /* MJExtension.h */,
				896E5E1B1B9D25E1008F7A2F /* MJFoundation.h */,
				896E5E1C1B9D25E1008F7A2F /* MJFoundation.m */,
				896E5E1D1B9D25E1008F7A2F /* MJIvar.h */,
				896E5E1E1B9D25E1008F7A2F /* MJIvar.m */,
				896E5E1F1B9D25E1008F7A2F /* MJMember.h */,
				896E5E201B9D25E1008F7A2F /* MJMember.m */,
				896E5E211B9D25E1008F7A2F /* MJMethod.h */,
				896E5E221B9D25E1008F7A2F /* MJMethod.m */,
				896E5E231B9D25E1008F7A2F /* MJType.h */,
				896E5E241B9D25E1008F7A2F /* MJType.m */,
				896E5E251B9D25E1008F7A2F /* MJTypeEncoding.h */,
				896E5E261B9D25E1008F7A2F /* MJTypeEncoding.m */,
				896E5E271B9D25E1008F7A2F /* NSObject+MJCoding.h */,
				896E5E281B9D25E1008F7A2F /* NSObject+MJCoding.m */,
				896E5E291B9D25E1008F7A2F /* NSObject+MJKeyValue.h */,
				896E5E2A1B9D25E1008F7A2F /* NSObject+MJKeyValue.m */,
				896E5E2B1B9D25E1008F7A2F /* NSObject+MJMember.h */,
				896E5E2C1B9D25E1008F7A2F /* NSObject+MJMember.m */,
			);
			name = MJExtension;
			path = Category/Lib/MJExtension;
			sourceTree = "<group>";
		};
		896E5E4C1B9D313A008F7A2F /* Home */ = {
			isa = PBXGroup;
			children = (
				896E5E4D1B9D32CB008F7A2F /* Controllers */,
				896E5E4E1B9D32DC008F7A2F /* Views */,
			);
			name = Home;
			sourceTree = "<group>";
		};
		896E5E4D1B9D32CB008F7A2F /* Controllers */ = {
			isa = PBXGroup;
			children = (
				89011DC21BA0256400612B20 /* LCDealsViewController.h */,
				89011DC31BA0256400612B20 /* LCDealsViewController.m */,
				89D0FCF51B9C3B3A00731253 /* LCHomeCollectionViewController.h */,
				89D0FCF61B9C3B3A00731253 /* LCHomeCollectionViewController.m */,
				896E5E541B9D3A32008F7A2F /* LCCategoryViewController.h */,
				896E5E551B9D3A32008F7A2F /* LCCategoryViewController.m */,
				896E5E711B9D77FA008F7A2F /* LCDistrictViewController.h */,
				896E5E721B9D77FA008F7A2F /* LCDistrictViewController.m */,
				896E5E731B9D77FA008F7A2F /* LCDistrictViewController.xib */,
				8903E0D51B9ED09D000B612C /* LCSortViewController.h */,
				8903E0D61B9ED09D000B612C /* LCSortViewController.m */,
			);
			name = Controllers;
			sourceTree = "<group>";
		};
		896E5E4E1B9D32DC008F7A2F /* Views */ = {
			isa = PBXGroup;
			children = (
				89AC76E51B9FD88C000B7B6C /* LCDealCell.h */,
				89AC76E61B9FD88C000B7B6C /* LCDealCell.m */,
				89AC76E71B9FD88C000B7B6C /* LCDealCell.xib */,
				896E5E491B9D2E10008F7A2F /* LCHomeTopItem.h */,
				896E5E4A1B9D2E10008F7A2F /* LCHomeTopItem.m */,
				896E5E471B9D2A3F008F7A2F /* LCHomeTopItem.xib */,
				896E5E4F1B9D3340008F7A2F /* LCHomeDropView.h */,
				896E5E501B9D3340008F7A2F /* LCHomeDropView.m */,
				896E5E521B9D3375008F7A2F /* LCHomeDropView.xib */,
				896E5E6B1B9D71FF008F7A2F /* LCHomeDropMainTableViewCell.h */,
				896E5E6C1B9D71FF008F7A2F /* LCHomeDropMainTableViewCell.m */,
				896E5E6E1B9D7211008F7A2F /* LCHomeDropSubTableViewCell.h */,
				896E5E6F1B9D7211008F7A2F /* LCHomeDropSubTableViewCell.m */,
				89AC76EA1B9FFB52000B7B6C /* LCCenterLineLabel.h */,
				89AC76EB1B9FFB52000B7B6C /* LCCenterLineLabel.m */,
			);
			name = Views;
			sourceTree = "<group>";
		};
		896E5E5A1B9D3D73008F7A2F /* Plist */ = {
			isa = PBXGroup;
			children = (
				896E5E5B1B9D3D73008F7A2F /* categories.plist */,
				896E5E5C1B9D3D73008F7A2F /* cities.plist */,
				896E5E5D1B9D3D73008F7A2F /* cityGroups.plist */,
				896E5E5E1B9D3D73008F7A2F /* sorts.plist */,
			);
			path = Plist;
			sourceTree = "<group>";
		};
		896E5E7B1B9D7D52008F7A2F /* City */ = {
			isa = PBXGroup;
			children = (
				89DA60D51B9E77DC000122C3 /* Controllers */,
			);
			name = City;
			sourceTree = "<group>";
		};
		896E5E851B9D94FA008F7A2F /* BaseNavgaiton */ = {
			isa = PBXGroup;
			children = (
				89D0FCF81B9C3CAE00731253 /* LCNavigationViewController.h */,
				89D0FCF91B9C3CAE00731253 /* LCNavigationViewController.m */,
			);
			name = BaseNavgaiton;
			sourceTree = "<group>";
		};
		89AC76A61B9FCAB4000B7B6C /* dianpingapi */ = {
			isa = PBXGroup;
			children = (
				89AC76A71B9FCAB4000B7B6C /* DPAPI.h */,
				89AC76A81B9FCAB4000B7B6C /* DPAPI.m */,
				89AC76A91B9FCAB4000B7B6C /* DPConstants.h */,
				89AC76AA1B9FCAB4000B7B6C /* DPRequest.h */,
				89AC76AB1B9FCAB4000B7B6C /* DPRequest.m */,
			);
			path = dianpingapi;
			sourceTree = "<group>";
		};
		89AC76AE1B9FCAB8000B7B6C /* SDWebImage */ = {
			isa = PBXGroup;
			children = (
				89AC76AF1B9FCAB8000B7B6C /* MKAnnotationView+WebCache.h */,
				89AC76B01B9FCAB8000B7B6C /* MKAnnotationView+WebCache.m */,
				89AC76B11B9FCAB8000B7B6C /* NSData+ImageContentType.h */,
				89AC76B21B9FCAB8000B7B6C /* NSData+ImageContentType.m */,
				89AC76B31B9FCAB8000B7B6C /* SDImageCache.h */,
				89AC76B41B9FCAB8000B7B6C /* SDImageCache.m */,
				89AC76B51B9FCAB8000B7B6C /* SDWebImageCompat.h */,
				89AC76B61B9FCAB8000B7B6C /* SDWebImageCompat.m */,
				89AC76B71B9FCAB8000B7B6C /* SDWebImageDecoder.h */,
				89AC76B81B9FCAB8000B7B6C /* SDWebImageDecoder.m */,
				89AC76B91B9FCAB8000B7B6C /* SDWebImageDownloader.h */,
				89AC76BA1B9FCAB8000B7B6C /* SDWebImageDownloader.m */,
				89AC76BB1B9FCAB8000B7B6C /* SDWebImageDownloaderOperation.h */,
				89AC76BC1B9FCAB8000B7B6C /* SDWebImageDownloaderOperation.m */,
				89AC76BD1B9FCAB8000B7B6C /* SDWebImageManager.h */,
				89AC76BE1B9FCAB8000B7B6C /* SDWebImageManager.m */,
				89AC76BF1B9FCAB8000B7B6C /* SDWebImageOperation.h */,
				89AC76C01B9FCAB8000B7B6C /* SDWebImagePrefetcher.h */,
				89AC76C11B9FCAB8000B7B6C /* SDWebImagePrefetcher.m */,
				89AC76C21B9FCAB8000B7B6C /* UIButton+WebCache.h */,
				89AC76C31B9FCAB8000B7B6C /* UIButton+WebCache.m */,
				89AC76C41B9FCAB8000B7B6C /* UIImage+GIF.h */,
				89AC76C51B9FCAB8000B7B6C /* UIImage+GIF.m */,
				89AC76C61B9FCAB8000B7B6C /* UIImage+MultiFormat.h */,
				89AC76C71B9FCAB8000B7B6C /* UIImage+MultiFormat.m */,
				89AC76C81B9FCAB8000B7B6C /* UIImage+WebP.h */,
				89AC76C91B9FCAB8000B7B6C /* UIImage+WebP.m */,
				89AC76CA1B9FCAB8000B7B6C /* UIImageView+HighlightedWebCache.h */,
				89AC76CB1B9FCAB8000B7B6C /* UIImageView+HighlightedWebCache.m */,
				89AC76CC1B9FCAB8000B7B6C /* UIImageView+WebCache.h */,
				89AC76CD1B9FCAB8000B7B6C /* UIImageView+WebCache.m */,
				89AC76CE1B9FCAB8000B7B6C /* UIView+WebCacheOperation.h */,
				89AC76CF1B9FCAB8000B7B6C /* UIView+WebCacheOperation.m */,
			);
			path = SDWebImage;
			sourceTree = "<group>";
		};
		89AC76ED1BA007F4000B7B6C /* MJRefresh */ = {
			isa = PBXGroup;
			children = (
				89AC76EE1BA007F4000B7B6C /* MJRefresh.bundle */,
				89AC76EF1BA007F4000B7B6C /* MJRefresh.h */,
				89AC76F01BA007F4000B7B6C /* MJRefreshBaseView.h */,
				89AC76F11BA007F4000B7B6C /* MJRefreshBaseView.m */,
				89AC76F21BA007F4000B7B6C /* MJRefreshConst.h */,
				89AC76F31BA007F4000B7B6C /* MJRefreshConst.m */,
				89AC76F41BA007F4000B7B6C /* MJRefreshFooterView.h */,
				89AC76F51BA007F4000B7B6C /* MJRefreshFooterView.m */,
				89AC76F61BA007F4000B7B6C /* MJRefreshHeaderView.h */,
				89AC76F71BA007F4000B7B6C /* MJRefreshHeaderView.m */,
				89AC76F81BA007F4000B7B6C /* UIScrollView+MJExtension.h */,
				89AC76F91BA007F4000B7B6C /* UIScrollView+MJExtension.m */,
				89AC76FA1BA007F4000B7B6C /* UIScrollView+MJRefresh.h */,
				89AC76FB1BA007F4000B7B6C /* UIScrollView+MJRefresh.m */,
				89AC76FC1BA007F4000B7B6C /* UIView+MJExtension.h */,
				89AC76FD1BA007F4000B7B6C /* UIView+MJExtension.m */,
			);
			path = MJRefresh;
			sourceTree = "<group>";
		};
		89D0FCC31B9C35D900731253 = {
			isa = PBXGroup;
			children = (
				89D0FCCE1B9C35D900731253 /* 美团HD */,
				89D0FCE81B9C35D900731253 /* 美团HDTests */,
				89D0FCCD1B9C35D900731253 /* Products */,
			);
			sourceTree = "<group>";
		};
		89D0FCCD1B9C35D900731253 /* Products */ = {
			isa = PBXGroup;
			children = (
				89D0FCCC1B9C35D900731253 /* 美团HD.app */,
				89D0FCE51B9C35D900731253 /* 美团HDTests.xctest */,
			);
			name = Products;
			sourceTree = "<group>";
		};
		89D0FCCE1B9C35D900731253 /* 美团HD */ = {
			isa = PBXGroup;
			children = (
				89D0FCD31B9C35D900731253 /* AppDelegate.h */,
				89D0FCD41B9C35D900731253 /* AppDelegate.m */,
				89D0FCFE1B9C404600731253 /* Classes */,
				89D0FCCF1B9C35D900731253 /* Supporting Files */,
			);
			path = "美团HD";
			sourceTree = "<group>";
		};
		89D0FCCF1B9C35D900731253 /* Supporting Files */ = {
			isa = PBXGroup;
			children = (
				896E5E5A1B9D3D73008F7A2F /* Plist */,
				89D0FCD01B9C35D900731253 /* Info.plist */,
				89D0FCD11B9C35D900731253 /* main.m */,
			);
			name = "Supporting Files";
			sourceTree = "<group>";
		};
		89D0FCE81B9C35D900731253 /* 美团HDTests */ = {
			isa = PBXGroup;
			children = (
				89D0FCEB1B9C35D900731253 /* __HDTests.m */,
				89D0FCE91B9C35D900731253 /* Supporting Files */,
			);
			path = "美团HDTests";
			sourceTree = "<group>";
		};
		89D0FCE91B9C35D900731253 /* Supporting Files */ = {
			isa = PBXGroup;
			children = (
				89D0FCEA1B9C35D900731253 /* Info.plist */,
			);
			name = "Supporting Files";
			sourceTree = "<group>";
		};
		89D0FCFE1B9C404600731253 /* Classes */ = {
			isa = PBXGroup;
			children = (
				896E5E851B9D94FA008F7A2F /* BaseNavgaiton */,
				896E5DFB1B9D2524008F7A2F /* Libs */,
				89DA60D41B9E77C5000122C3 /* Model */,
				89D0FCFF1B9C405F00731253 /* Tools */,
				896E5E4C1B9D313A008F7A2F /* Home */,
				896E5E7B1B9D7D52008F7A2F /* City */,
				89011DC11BA01AD500612B20 /* Search */,
				895324121BA157B40019B325 /* Detail */,
				89011DCF1BA0367700612B20 /* Collect */,
				89011DD31BA036A400612B20 /* Recent */,
				89D0FCDC1B9C35D900731253 /* Images.xcassets */,
			);
			name = Classes;
			sourceTree = "<group>";
		};
		89D0FCFF1B9C405F00731253 /* Tools */ = {
			isa = PBXGroup;
			children = (
				89D0FCFB1B9C3D8D00731253 /* LCConst.h */,
				89D0FCFC1B9C3D8D00731253 /* LCConst.m */,
				8903E0CF1B9EB1A7000B612C /* LCTool.h */,
				8903E0D01B9EB1A7000B612C /* LCTool.m */,
			);
			name = Tools;
			sourceTree = "<group>";
		};
		89DA60D41B9E77C5000122C3 /* Model */ = {
			isa = PBXGroup;
			children = (
				896E5E7C1B9D8523008F7A2F /* LCCity.h */,
				896E5E7D1B9D8523008F7A2F /* LCCity.m */,
				896E5E7F1B9D85DB008F7A2F /* LCRegion.h */,
				896E5E801B9D85DB008F7A2F /* LCRegion.m */,
				896E5E821B9D889D008F7A2F /* LCcityGroup.h */,
				896E5E831B9D889D008F7A2F /* LCcityGroup.m */,
				8903E0D21B9ECFF6000B612C /* LCSort.h */,
				8903E0D31B9ECFF6000B612C /* LCSort.m */,
				896E5E651B9D3E84008F7A2F /* LCCategory.h */,
				896E5E661B9D3E84008F7A2F /* LCCategory.m */,
				89AC76E21B9FD44A000B7B6C /* LCDeal.h */,
				89AC76E31B9FD44A000B7B6C /* LCDeal.m */,
			);
			name = Model;
			sourceTree = "<group>";
		};
		89DA60D51B9E77DC000122C3 /* Controllers */ = {
			isa = PBXGroup;
			children = (
				896E5E761B9D7D3F008F7A2F /* LCCityViewController.h */,
				896E5E771B9D7D3F008F7A2F /* LCCityViewController.m */,
				896E5E781B9D7D3F008F7A2F /* LCCityViewController.xib */,
				89DA60D91B9E80E2000122C3 /* LCSearchResultTableViewController.h */,
				89DA60DA1B9E80E2000122C3 /* LCSearchResultTableViewController.m */,
			);
			name = Controllers;
			sourceTree = "<group>";
		};
/* End PBXGroup section */

/* Begin PBXNativeTarget section */
		89D0FCCB1B9C35D900731253 /* 美团HD */ = {
			isa = PBXNativeTarget;
			buildConfigurationList = 89D0FCEF1B9C35D900731253 /* Build configuration list for PBXNativeTarget "美团HD" */;
			buildPhases = (
				89D0FCC81B9C35D900731253 /* Sources */,
				89D0FCC91B9C35D900731253 /* Frameworks */,
				89D0FCCA1B9C35D900731253 /* Resources */,
			);
			buildRules = (
			);
			dependencies = (
			);
			name = "美团HD";
			productName = "美团HD";
			productReference = 89D0FCCC1B9C35D900731253 /* 美团HD.app */;
			productType = "com.apple.product-type.application";
		};
		89D0FCE41B9C35D900731253 /* 美团HDTests */ = {
			isa = PBXNativeTarget;
			buildConfigurationList = 89D0FCF21B9C35D900731253 /* Build configuration list for PBXNativeTarget "美团HDTests" */;
			buildPhases = (
				89D0FCE11B9C35D900731253 /* Sources */,
				89D0FCE21B9C35D900731253 /* Frameworks */,
				89D0FCE31B9C35D900731253 /* Resources */,
			);
			buildRules = (
			);
			dependencies = (
				89D0FCE71B9C35D900731253 /* PBXTargetDependency */,
			);
			name = "美团HDTests";
			productName = "美团HDTests";
			productReference = 89D0FCE51B9C35D900731253 /* 美团HDTests.xctest */;
			productType = "com.apple.product-type.bundle.unit-test";
		};
/* End PBXNativeTarget section */

/* Begin PBXProject section */
		89D0FCC41B9C35D900731253 /* Project object */ = {
			isa = PBXProject;
			attributes = {
				CLASSPREFIX = LC;
				LastUpgradeCheck = 0640;
				ORGANIZATIONNAME = BNDK;
				TargetAttributes = {
					89D0FCCB1B9C35D900731253 = {
						CreatedOnToolsVersion = 6.4;
					};
					89D0FCE41B9C35D900731253 = {
						CreatedOnToolsVersion = 6.4;
						TestTargetID = 89D0FCCB1B9C35D900731253;
					};
				};
			};
			buildConfigurationList = 89D0FCC71B9C35D900731253 /* Build configuration list for PBXProject "美团HD" */;
			compatibilityVersion = "Xcode 3.2";
			developmentRegion = English;
			hasScannedForEncodings = 0;
			knownRegions = (
				en,
				Base,
			);
			mainGroup = 89D0FCC31B9C35D900731253;
			productRefGroup = 89D0FCCD1B9C35D900731253 /* Products */;
			projectDirPath = "";
			projectRoot = "";
			targets = (
				89D0FCCB1B9C35D900731253 /* 美团HD */,
				89D0FCE41B9C35D900731253 /* 美团HDTests */,
			);
		};
/* End PBXProject section */

/* Begin PBXResourcesBuildPhase section */
		89D0FCCA1B9C35D900731253 /* Resources */ = {
			isa = PBXResourcesBuildPhase;
			buildActionMask = 2147483647;
			files = (
				89011DBD1BA010AC00612B20 /* LICENSE.txt in Resources */,
				896E5E5F1B9D3D73008F7A2F /* categories.plist in Resources */,
				896E5E751B9D77FA008F7A2F /* LCDistrictViewController.xib in Resources */,
				896E5E481B9D2A3F008F7A2F /* LCHomeTopItem.xib in Resources */,
				896E5E621B9D3D73008F7A2F /* sorts.plist in Resources */,
				896E5E7A1B9D7D3F008F7A2F /* LCCityViewController.xib in Resources */,
				896E5E531B9D3375008F7A2F /* LCHomeDropView.xib in Resources */,
				896E5E601B9D3D73008F7A2F /* cities.plist in Resources */,
				89011DBF1BA010AC00612B20 /* SVProgressHUD.bundle in Resources */,
				89AC76FE1BA007F4000B7B6C /* MJRefresh.bundle in Resources */,
				8953241E1BA15A200019B325 /* LCDetailViewController.xib in Resources */,
				89D0FCDD1B9C35D900731253 /* Images.xcassets in Resources */,
				89AC76E91B9FD88C000B7B6C /* LCDealCell.xib in Resources */,
				896E5E611B9D3D73008F7A2F /* cityGroups.plist in Resources */,
			);
			runOnlyForDeploymentPostprocessing = 0;
		};
		89D0FCE31B9C35D900731253 /* Resources */ = {
			isa = PBXResourcesBuildPhase;
			buildActionMask = 2147483647;
			files = (
			);
			runOnlyForDeploymentPostprocessing = 0;
		};
/* End PBXResourcesBuildPhase section */

/* Begin PBXSourcesBuildPhase section */
		89D0FCC81B9C35D900731253 /* Sources */ = {
			isa = PBXSourcesBuildPhase;
			buildActionMask = 2147483647;
			files = (
				896E5E3E1B9D25E1008F7A2F /* NSObject+MJCoding.m in Sources */,
				896E5E511B9D3340008F7A2F /* LCHomeDropView.m in Sources */,
				89AC76DD1B9FCAB8000B7B6C /* UIImageView+HighlightedWebCache.m in Sources */,
				896E5E701B9D7211008F7A2F /* LCHomeDropSubTableViewCell.m in Sources */,
				89011DCE1BA032D400612B20 /* AwesomeMenuItem.m in Sources */,
				89AC76DF1B9FCAB8000B7B6C /* UIView+WebCacheOperation.m in Sources */,
				89AC76D61B9FCAB8000B7B6C /* SDWebImageDownloaderOperation.m in Sources */,
				896E5E351B9D25E1008F7A2F /* View+MASAdditions.m in Sources */,
				896E5E811B9D85DB008F7A2F /* LCRegion.m in Sources */,
				89AC77011BA007F4000B7B6C /* MJRefreshFooterView.m in Sources */,
				89011DC41BA0256400612B20 /* LCDealsViewController.m in Sources */,
				896E5E381B9D25E1008F7A2F /* MJFoundation.m in Sources */,
				89AC76AC1B9FCAB4000B7B6C /* DPAPI.m in Sources */,
				896E5E361B9D25E1008F7A2F /* MJArgument.m in Sources */,
				8903E0D71B9ED09D000B612C /* LCSortViewController.m in Sources */,
				896E5DF91B9D2515008F7A2F /* UITextField+WF.m in Sources */,
				896E5E3A1B9D25E1008F7A2F /* MJMember.m in Sources */,
				896E5DFA1B9D2515008F7A2F /* UIView+WF.m in Sources */,
				89AC76E81B9FD88C000B7B6C /* LCDealCell.m in Sources */,
				89D0FCF71B9C3B3A00731253 /* LCHomeCollectionViewController.m in Sources */,
				89D0FCFA1B9C3CAE00731253 /* LCNavigationViewController.m in Sources */,
				89AC76D01B9FCAB8000B7B6C /* MKAnnotationView+WebCache.m in Sources */,
				896E5DF61B9D2515008F7A2F /* UIImage+WF.m in Sources */,
				896E5E7E1B9D8523008F7A2F /* LCCity.m in Sources */,
				8903E0D11B9EB1A7000B612C /* LCTool.m in Sources */,
				896E5E311B9D25E1008F7A2F /* MASViewAttribute.m in Sources */,
				896E5E2D1B9D25E1008F7A2F /* MASCompositeConstraint.m in Sources */,
				89AC76D71B9FCAB8000B7B6C /* SDWebImageManager.m in Sources */,
				89D0FCD51B9C35D900731253 /* AppDelegate.m in Sources */,
				89D0FCFD1B9C3D8D00731253 /* LCConst.m in Sources */,
				89011DD21BA0369F00612B20 /* LCRecentViewController.m in Sources */,
				89AC76DB1B9FCAB8000B7B6C /* UIImage+MultiFormat.m in Sources */,
				89AC76D81B9FCAB8000B7B6C /* SDWebImagePrefetcher.m in Sources */,
				89011DBE1BA010AC00612B20 /* README.md in Sources */,
				89AC76DE1B9FCAB8000B7B6C /* UIImageView+WebCache.m in Sources */,
				89AC77051BA007F4000B7B6C /* UIView+MJExtension.m in Sources */,
				896E5E461B9D25EA008F7A2F /* UIView+Extension.m in Sources */,
				896E5E2F1B9D25E1008F7A2F /* MASConstraintMaker.m in Sources */,
				89011DC71BA0291400612B20 /* LCSearchCollectionViewController.m in Sources */,
				89AC77001BA007F4000B7B6C /* MJRefreshConst.m in Sources */,
				896E5E6D1B9D71FF008F7A2F /* LCHomeDropMainTableViewCell.m in Sources */,
				89AC76E11B9FCAC8000B7B6C /* Foundation+Log.m in Sources */,
				8903E0D41B9ECFF6000B612C /* LCSort.m in Sources */,
				896E5E741B9D77FA008F7A2F /* LCDistrictViewController.m in Sources */,
				89AC76D41B9FCAB8000B7B6C /* SDWebImageDecoder.m in Sources */,
				896E5E451B9D25EA008F7A2F /* UIBarButtonItem+Extension.m in Sources */,
				89011DD61BA036EC00612B20 /* LCCollectViewController.m in Sources */,
				896E5E2E1B9D25E1008F7A2F /* MASConstraint.m in Sources */,
				896E5E341B9D25E1008F7A2F /* NSLayoutConstraint+MASDebugAdditions.m in Sources */,
				896E5E3C1B9D25E1008F7A2F /* MJType.m in Sources */,
				89AC76D31B9FCAB8000B7B6C /* SDWebImageCompat.m in Sources */,
				896E5E791B9D7D3F008F7A2F /* LCCityViewController.m in Sources */,
				89AC76D91B9FCAB8000B7B6C /* UIButton+WebCache.m in Sources */,
				896E5E301B9D25E1008F7A2F /* MASLayoutConstraint.m in Sources */,
				89AC76E41B9FD44A000B7B6C /* LCDeal.m in Sources */,
				89AC77041BA007F4000B7B6C /* UIScrollView+MJRefresh.m in Sources */,
				896E5E561B9D3A32008F7A2F /* LCCategoryViewController.m in Sources */,
				896E5E331B9D25E1008F7A2F /* NSArray+MASAdditions.m in Sources */,
				896E5E3D1B9D25E1008F7A2F /* MJTypeEncoding.m in Sources */,
				896E5E3B1B9D25E1008F7A2F /* MJMethod.m in Sources */,
				896E5E401B9D25E1008F7A2F /* NSObject+MJMember.m in Sources */,
				89AC76D51B9FCAB8000B7B6C /* SDWebImageDownloader.m in Sources */,
				89AC77031BA007F4000B7B6C /* UIScrollView+MJExtension.m in Sources */,
				89AC76DC1B9FCAB8000B7B6C /* UIImage+WebP.m in Sources */,
				896E5E371B9D25E1008F7A2F /* MJConst.m in Sources */,
				89AC77021BA007F4000B7B6C /* MJRefreshHeaderView.m in Sources */,
				89AC76D21B9FCAB8000B7B6C /* SDImageCache.m in Sources */,
				89011DCD1BA032D400612B20 /* AwesomeMenu.m in Sources */,
				8953241D1BA15A200019B325 /* LCDetailViewController.m in Sources */,
				896E5E671B9D3E84008F7A2F /* LCCategory.m in Sources */,
				896E5DF51B9D2515008F7A2F /* UIButton+WF.m in Sources */,
				896E5DF71B9D2515008F7A2F /* UIScreen+WF.m in Sources */,
				89AC76D11B9FCAB8000B7B6C /* NSData+ImageContentType.m in Sources */,
				89DA60DB1B9E80E2000122C3 /* LCSearchResultTableViewController.m in Sources */,
				89AC76DA1B9FCAB8000B7B6C /* UIImage+GIF.m in Sources */,
				896E5E841B9D889D008F7A2F /* LCcityGroup.m in Sources */,
				89AC76EC1B9FFB52000B7B6C /* LCCenterLineLabel.m in Sources */,
				896E5E3F1B9D25E1008F7A2F /* NSObject+MJKeyValue.m in Sources */,
				89D0FCD21B9C35D900731253 /* main.m in Sources */,
				89AC76AD1B9FCAB4000B7B6C /* DPRequest.m in Sources */,
				896E5E4B1B9D2E10008F7A2F /* LCHomeTopItem.m in Sources */,
				89DA60D81B9E7939000122C3 /* UIView+AutoLayout.m in Sources */,
				896E5E391B9D25E1008F7A2F /* MJIvar.m in Sources */,
				896E5E321B9D25E1008F7A2F /* MASViewConstraint.m in Sources */,
				89AC76FF1BA007F4000B7B6C /* MJRefreshBaseView.m in Sources */,
				89011DC01BA010AC00612B20 /* SVProgressHUD.m in Sources */,
			);
			runOnlyForDeploymentPostprocessing = 0;
		};
		89D0FCE11B9C35D900731253 /* Sources */ = {
			isa = PBXSourcesBuildPhase;
			buildActionMask = 2147483647;
			files = (
				89D0FCEC1B9C35D900731253 /* __HDTests.m in Sources */,
			);
			runOnlyForDeploymentPostprocessing = 0;
		};
/* End PBXSourcesBuildPhase section */

/* Begin PBXTargetDependency section */
		89D0FCE71B9C35D900731253 /* PBXTargetDependency */ = {
			isa = PBXTargetDependency;
			target = 89D0FCCB1B9C35D900731253 /* 美团HD */;
			targetProxy = 89D0FCE61B9C35D900731253 /* PBXContainerItemProxy */;
		};
/* End PBXTargetDependency section */

/* Begin XCBuildConfiguration section */
		89D0FCED1B9C35D900731253 /* Debug */ = {
			isa = XCBuildConfiguration;
			buildSettings = {
				ALWAYS_SEARCH_USER_PATHS = NO;
				CLANG_CXX_LANGUAGE_STANDARD = "gnu++0x";
				CLANG_CXX_LIBRARY = "libc++";
				CLANG_ENABLE_MODULES = YES;
				CLANG_ENABLE_OBJC_ARC = YES;
				CLANG_WARN_BOOL_CONVERSION = YES;
				CLANG_WARN_CONSTANT_CONVERSION = YES;
				CLANG_WARN_DIRECT_OBJC_ISA_USAGE = YES_ERROR;
				CLANG_WARN_EMPTY_BODY = YES;
				CLANG_WARN_ENUM_CONVERSION = YES;
				CLANG_WARN_INT_CONVERSION = YES;
				CLANG_WARN_OBJC_ROOT_CLASS = YES_ERROR;
				CLANG_WARN_UNREACHABLE_CODE = YES;
				CLANG_WARN__DUPLICATE_METHOD_MATCH = YES;
				"CODE_SIGN_IDENTITY[sdk=iphoneos*]" = "iPhone Developer";
				COPY_PHASE_STRIP = NO;
				DEBUG_INFORMATION_FORMAT = "dwarf-with-dsym";
				ENABLE_STRICT_OBJC_MSGSEND = YES;
				GCC_C_LANGUAGE_STANDARD = gnu99;
				GCC_DYNAMIC_NO_PIC = NO;
				GCC_NO_COMMON_BLOCKS = YES;
				GCC_OPTIMIZATION_LEVEL = 0;
				GCC_PREPROCESSOR_DEFINITIONS = (
					"DEBUG=1",
					"$(inherited)",
				);
				GCC_SYMBOLS_PRIVATE_EXTERN = NO;
				GCC_WARN_64_TO_32_BIT_CONVERSION = YES;
				GCC_WARN_ABOUT_RETURN_TYPE = YES_ERROR;
				GCC_WARN_UNDECLARED_SELECTOR = YES;
				GCC_WARN_UNINITIALIZED_AUTOS = YES_AGGRESSIVE;
				GCC_WARN_UNUSED_FUNCTION = YES;
				GCC_WARN_UNUSED_VARIABLE = YES;
				IPHONEOS_DEPLOYMENT_TARGET = 8.4;
				MTL_ENABLE_DEBUG_INFO = YES;
				ONLY_ACTIVE_ARCH = YES;
				SDKROOT = iphoneos;
				TARGETED_DEVICE_FAMILY = 2;
			};
			name = Debug;
		};
		89D0FCEE1B9C35D900731253 /* Release */ = {
			isa = XCBuildConfiguration;
			buildSettings = {
				ALWAYS_SEARCH_USER_PATHS = NO;
				CLANG_CXX_LANGUAGE_STANDARD = "gnu++0x";
				CLANG_CXX_LIBRARY = "libc++";
				CLANG_ENABLE_MODULES = YES;
				CLANG_ENABLE_OBJC_ARC = YES;
				CLANG_WARN_BOOL_CONVERSION = YES;
				CLANG_WARN_CONSTANT_CONVERSION = YES;
				CLANG_WARN_DIRECT_OBJC_ISA_USAGE = YES_ERROR;
				CLANG_WARN_EMPTY_BODY = YES;
				CLANG_WARN_ENUM_CONVERSION = YES;
				CLANG_WARN_INT_CONVERSION = YES;
				CLANG_WARN_OBJC_ROOT_CLASS = YES_ERROR;
				CLANG_WARN_UNREACHABLE_CODE = YES;
				CLANG_WARN__DUPLICATE_METHOD_MATCH = YES;
				"CODE_SIGN_IDENTITY[sdk=iphoneos*]" = "iPhone Developer";
				COPY_PHASE_STRIP = NO;
				DEBUG_INFORMATION_FORMAT = "dwarf-with-dsym";
				ENABLE_NS_ASSERTIONS = NO;
				ENABLE_STRICT_OBJC_MSGSEND = YES;
				GCC_C_LANGUAGE_STANDARD = gnu99;
				GCC_NO_COMMON_BLOCKS = YES;
				GCC_WARN_64_TO_32_BIT_CONVERSION = YES;
				GCC_WARN_ABOUT_RETURN_TYPE = YES_ERROR;
				GCC_WARN_UNDECLARED_SELECTOR = YES;
				GCC_WARN_UNINITIALIZED_AUTOS = YES_AGGRESSIVE;
				GCC_WARN_UNUSED_FUNCTION = YES;
				GCC_WARN_UNUSED_VARIABLE = YES;
				IPHONEOS_DEPLOYMENT_TARGET = 8.4;
				MTL_ENABLE_DEBUG_INFO = NO;
				SDKROOT = iphoneos;
				TARGETED_DEVICE_FAMILY = 2;
				VALIDATE_PRODUCT = YES;
			};
			name = Release;
		};
		89D0FCF01B9C35D900731253 /* Debug */ = {
			isa = XCBuildConfiguration;
			buildSettings = {
				ASSETCATALOG_COMPILER_APPICON_NAME = AppIcon;
				ASSETCATALOG_COMPILER_LAUNCHIMAGE_NAME = LaunchImage;
				INFOPLIST_FILE = "美团HD/Info.plist";
				LD_RUNPATH_SEARCH_PATHS = "$(inherited) @executable_path/Frameworks";
				PRODUCT_NAME = "$(TARGET_NAME)";
			};
			name = Debug;
		};
		89D0FCF11B9C35D900731253 /* Release */ = {
			isa = XCBuildConfiguration;
			buildSettings = {
				ASSETCATALOG_COMPILER_APPICON_NAME = AppIcon;
				ASSETCATALOG_COMPILER_LAUNCHIMAGE_NAME = LaunchImage;
				INFOPLIST_FILE = "美团HD/Info.plist";
				LD_RUNPATH_SEARCH_PATHS = "$(inherited) @executable_path/Frameworks";
				PRODUCT_NAME = "$(TARGET_NAME)";
			};
			name = Release;
		};
		89D0FCF31B9C35D900731253 /* Debug */ = {
			isa = XCBuildConfiguration;
			buildSettings = {
				BUNDLE_LOADER = "$(TEST_HOST)";
				FRAMEWORK_SEARCH_PATHS = (
					"$(SDKROOT)/Developer/Library/Frameworks",
					"$(inherited)",
				);
				GCC_PREPROCESSOR_DEFINITIONS = (
					"DEBUG=1",
					"$(inherited)",
				);
				INFOPLIST_FILE = "美团HDTests/Info.plist";
				LD_RUNPATH_SEARCH_PATHS = "$(inherited) @executable_path/Frameworks @loader_path/Frameworks";
				PRODUCT_NAME = "$(TARGET_NAME)";
				TEST_HOST = "$(BUILT_PRODUCTS_DIR)/美团HD.app/美团HD";
			};
			name = Debug;
		};
		89D0FCF41B9C35D900731253 /* Release */ = {
			isa = XCBuildConfiguration;
			buildSettings = {
				BUNDLE_LOADER = "$(TEST_HOST)";
				FRAMEWORK_SEARCH_PATHS = (
					"$(SDKROOT)/Developer/Library/Frameworks",
					"$(inherited)",
				);
				INFOPLIST_FILE = "美团HDTests/Info.plist";
				LD_RUNPATH_SEARCH_PATHS = "$(inherited) @executable_path/Frameworks @loader_path/Frameworks";
				PRODUCT_NAME = "$(TARGET_NAME)";
				TEST_HOST = "$(BUILT_PRODUCTS_DIR)/美团HD.app/美团HD";
			};
			name = Release;
		};
/* End XCBuildConfiguration section */

/* Begin XCConfigurationList section */
		89D0FCC71B9C35D900731253 /* Build configuration list for PBXProject "美团HD" */ = {
			isa = XCConfigurationList;
			buildConfigurations = (
				89D0FCED1B9C35D900731253 /* Debug */,
				89D0FCEE1B9C35D900731253 /* Release */,
			);
			defaultConfigurationIsVisible = 0;
			defaultConfigurationName = Release;
		};
		89D0FCEF1B9C35D900731253 /* Build configuration list for PBXNativeTarget "美团HD" */ = {
			isa = XCConfigurationList;
			buildConfigurations = (
				89D0FCF01B9C35D900731253 /* Debug */,
				89D0FCF11B9C35D900731253 /* Release */,
			);
			defaultConfigurationIsVisible = 0;
			defaultConfigurationName = Release;
		};
		89D0FCF21B9C35D900731253 /* Build configuration list for PBXNativeTarget "美团HDTests" */ = {
			isa = XCConfigurationList;
			buildConfigurations = (
				89D0FCF31B9C35D900731253 /* Debug */,
				89D0FCF41B9C35D900731253 /* Release */,
			);
			defaultConfigurationIsVisible = 0;
			defaultConfigurationName = Release;
		};
/* End XCConfigurationList section */
	};
	rootObject = 89D0FCC41B9C35D900731253 /* Project object */;
}
